// !$*UTF8*$!
{
	archiveVersion = 1;
	classes = {
	};
	objectVersion = 48;
	objects = {

/* Begin PBXBuildFile section */
		250655BD2039F5A300B32CC6 /* ComplicationController.swift in Sources */ = {isa = PBXBuildFile; fileRef = 250655BC2039F5A300B32CC6 /* ComplicationController.swift */; };
		2517245120361E71000C5EEA /* MeasurementDetailViewController.swift in Sources */ = {isa = PBXBuildFile; fileRef = 2517245020361E71000C5EEA /* MeasurementDetailViewController.swift */; };
		251724532036B19D000C5EEA /* PickerData.swift in Sources */ = {isa = PBXBuildFile; fileRef = 251724522036B19D000C5EEA /* PickerData.swift */; };
		251B58DC219B4DC0004E4EAF /* MeasurementInfoIC.swift in Sources */ = {isa = PBXBuildFile; fileRef = 251B58DB219B4DC0004E4EAF /* MeasurementInfoIC.swift */; };
		25258B5721DD2E6900579FF9 /* SelectedMeasurementViewController.swift in Sources */ = {isa = PBXBuildFile; fileRef = 25258B5621DD2E6900579FF9 /* SelectedMeasurementViewController.swift */; };
		252C87E5203CA3BA002E6CDF /* HistDetailInterfaceController.swift in Sources */ = {isa = PBXBuildFile; fileRef = 252C87E4203CA3BA002E6CDF /* HistDetailInterfaceController.swift */; };
		254DFD77203E102C0067E0A4 /* RequestUtil.swift in Sources */ = {isa = PBXBuildFile; fileRef = 254DFD76203E102C0067E0A4 /* RequestUtil.swift */; };
		2554BEEC21F1B5B60091DC95 /* DevicePropertyKey.swift in Sources */ = {isa = PBXBuildFile; fileRef = 2554BEEB21F1B5B60091DC95 /* DevicePropertyKey.swift */; };
		2557962821D0A27A00FCAFAC /* ValueType.swift in Sources */ = {isa = PBXBuildFile; fileRef = 2557962721D0A27A00FCAFAC /* ValueType.swift */; };
		256DE29D20248C0C000D2549 /* AppTabBarController.swift in Sources */ = {isa = PBXBuildFile; fileRef = 256DE29C20248C0C000D2549 /* AppTabBarController.swift */; };
		256DE29F202729A2000D2549 /* MeasurementRowType.swift in Sources */ = {isa = PBXBuildFile; fileRef = 256DE29E202729A2000D2549 /* MeasurementRowType.swift */; };
		2587F6CA203DEE89003DC730 /* HistMeasurementRowType.swift in Sources */ = {isa = PBXBuildFile; fileRef = 2587F6C9203DEE89003DC730 /* HistMeasurementRowType.swift */; };
		25952C09203DF83500B0AA33 /* TableUtil.swift in Sources */ = {isa = PBXBuildFile; fileRef = 25952C08203DF83500B0AA33 /* TableUtil.swift */; };
		25A789A4208C753100A4BDE0 /* OnlineMeasurementBig.swift in Sources */ = {isa = PBXBuildFile; fileRef = 25A789A3208C753100A4BDE0 /* OnlineMeasurementBig.swift */; };
		25EB1D4E2046C3F800AF340B /* MeasurementPropertyKey.swift in Sources */ = {isa = PBXBuildFile; fileRef = 25EB1D4D2046C3F800AF340B /* MeasurementPropertyKey.swift */; };
		AA425AD0201E21A8001FA571 /* MeasurementTableViewController.swift in Sources */ = {isa = PBXBuildFile; fileRef = AA425ACF201E21A8001FA571 /* MeasurementTableViewController.swift */; };
		AA425AD4201E603D001FA571 /* Measurement.swift in Sources */ = {isa = PBXBuildFile; fileRef = AA425AD3201E603D001FA571 /* Measurement.swift */; };
		AA43F50F1FDA6A5E00C879E0 /* AppDelegate.swift in Sources */ = {isa = PBXBuildFile; fileRef = AA43F50E1FDA6A5E00C879E0 /* AppDelegate.swift */; };
		AA43F5141FDA6A5E00C879E0 /* Main.storyboard in Resources */ = {isa = PBXBuildFile; fileRef = AA43F5121FDA6A5E00C879E0 /* Main.storyboard */; };
		AA43F5161FDA6A5E00C879E0 /* Assets.xcassets in Resources */ = {isa = PBXBuildFile; fileRef = AA43F5151FDA6A5E00C879E0 /* Assets.xcassets */; };
		AA43F5191FDA6A5E00C879E0 /* LaunchScreen.storyboard in Resources */ = {isa = PBXBuildFile; fileRef = AA43F5171FDA6A5E00C879E0 /* LaunchScreen.storyboard */; };
		AA43F51E1FDA6A5E00C879E0 /* JanOnVal WatchKit App.app in Embed Watch Content */ = {isa = PBXBuildFile; fileRef = AA43F51D1FDA6A5E00C879E0 /* JanOnVal WatchKit App.app */; };
		AA43F5241FDA6A5E00C879E0 /* Interface.storyboard in Resources */ = {isa = PBXBuildFile; fileRef = AA43F5221FDA6A5E00C879E0 /* Interface.storyboard */; };
		AA43F5261FDA6A5E00C879E0 /* Assets.xcassets in Resources */ = {isa = PBXBuildFile; fileRef = AA43F5251FDA6A5E00C879E0 /* Assets.xcassets */; };
		AA43F52D1FDA6A5E00C879E0 /* JanOnVal WatchKit Extension.appex in Embed App Extensions */ = {isa = PBXBuildFile; fileRef = AA43F52C1FDA6A5E00C879E0 /* JanOnVal WatchKit Extension.appex */; settings = {ATTRIBUTES = (RemoveHeadersOnCopy, ); }; };
		AA43F5321FDA6A5E00C879E0 /* InterfaceController.swift in Sources */ = {isa = PBXBuildFile; fileRef = AA43F5311FDA6A5E00C879E0 /* InterfaceController.swift */; };
		AA43F5361FDA6A5E00C879E0 /* Assets.xcassets in Resources */ = {isa = PBXBuildFile; fileRef = AA43F5351FDA6A5E00C879E0 /* Assets.xcassets */; };
		AA4F10A6201B534000DDA380 /* DevicesViewController.swift in Sources */ = {isa = PBXBuildFile; fileRef = AA4F10A5201B534000DDA380 /* DevicesViewController.swift */; };
		AA4F10A8201B561300DDA380 /* Device.swift in Sources */ = {isa = PBXBuildFile; fileRef = AA4F10A7201B561300DDA380 /* Device.swift */; };
		AA665222201B78F800E63CC1 /* ServerViewController.swift in Sources */ = {isa = PBXBuildFile; fileRef = AA665221201B78F800E63CC1 /* ServerViewController.swift */; };
		AA665224201B7AF400E63CC1 /* AppModel.swift in Sources */ = {isa = PBXBuildFile; fileRef = AA665223201B7AF400E63CC1 /* AppModel.swift */; };
		AA9A778221A7E4B0003B6045 /* ChartsInterfaceController.swift in Sources */ = {isa = PBXBuildFile; fileRef = AA9A778121A7E4B0003B6045 /* ChartsInterfaceController.swift */; };
		AAC370E62015C8E800132087 /* ConnectivityHandler.swift in Sources */ = {isa = PBXBuildFile; fileRef = AAC370E52015C8E800132087 /* ConnectivityHandler.swift */; };
/* End PBXBuildFile section */

/* Begin PBXContainerItemProxy section */
		AA43F51F1FDA6A5E00C879E0 /* PBXContainerItemProxy */ = {
			isa = PBXContainerItemProxy;
			containerPortal = AA43F5031FDA6A5E00C879E0 /* Project object */;
			proxyType = 1;
			remoteGlobalIDString = AA43F51C1FDA6A5E00C879E0;
			remoteInfo = "JanOnVal WatchKit App";
		};
		AA43F52E1FDA6A5E00C879E0 /* PBXContainerItemProxy */ = {
			isa = PBXContainerItemProxy;
			containerPortal = AA43F5031FDA6A5E00C879E0 /* Project object */;
			proxyType = 1;
			remoteGlobalIDString = AA43F52B1FDA6A5E00C879E0;
			remoteInfo = "JanOnVal WatchKit Extension";
		};
/* End PBXContainerItemProxy section */

/* Begin PBXCopyFilesBuildPhase section */
		AA43F53D1FDA6A5E00C879E0 /* Embed App Extensions */ = {
			isa = PBXCopyFilesBuildPhase;
			buildActionMask = 2147483647;
			dstPath = "";
			dstSubfolderSpec = 13;
			files = (
				AA43F52D1FDA6A5E00C879E0 /* JanOnVal WatchKit Extension.appex in Embed App Extensions */,
			);
			name = "Embed App Extensions";
			runOnlyForDeploymentPostprocessing = 0;
		};
		AA43F5411FDA6A5E00C879E0 /* Embed Watch Content */ = {
			isa = PBXCopyFilesBuildPhase;
			buildActionMask = 2147483647;
			dstPath = "$(CONTENTS_FOLDER_PATH)/Watch";
			dstSubfolderSpec = 16;
			files = (
				AA43F51E1FDA6A5E00C879E0 /* JanOnVal WatchKit App.app in Embed Watch Content */,
			);
			name = "Embed Watch Content";
			runOnlyForDeploymentPostprocessing = 0;
		};
/* End PBXCopyFilesBuildPhase section */

/* Begin PBXFileReference section */
		250655BC2039F5A300B32CC6 /* ComplicationController.swift */ = {isa = PBXFileReference; lastKnownFileType = sourcecode.swift; path = ComplicationController.swift; sourceTree = "<group>"; };
		2517245020361E71000C5EEA /* MeasurementDetailViewController.swift */ = {isa = PBXFileReference; lastKnownFileType = sourcecode.swift; path = MeasurementDetailViewController.swift; sourceTree = "<group>"; };
		251724522036B19D000C5EEA /* PickerData.swift */ = {isa = PBXFileReference; lastKnownFileType = sourcecode.swift; path = PickerData.swift; sourceTree = "<group>"; };
		251B58DB219B4DC0004E4EAF /* MeasurementInfoIC.swift */ = {isa = PBXFileReference; lastKnownFileType = sourcecode.swift; path = MeasurementInfoIC.swift; sourceTree = "<group>"; };
		25258B5621DD2E6900579FF9 /* SelectedMeasurementViewController.swift */ = {isa = PBXFileReference; lastKnownFileType = sourcecode.swift; path = SelectedMeasurementViewController.swift; sourceTree = "<group>"; };
		252C87E4203CA3BA002E6CDF /* HistDetailInterfaceController.swift */ = {isa = PBXFileReference; lastKnownFileType = sourcecode.swift; path = HistDetailInterfaceController.swift; sourceTree = "<group>"; };
		254DFD76203E102C0067E0A4 /* RequestUtil.swift */ = {isa = PBXFileReference; lastKnownFileType = sourcecode.swift; path = RequestUtil.swift; sourceTree = "<group>"; };
		2554BEEB21F1B5B60091DC95 /* DevicePropertyKey.swift */ = {isa = PBXFileReference; lastKnownFileType = sourcecode.swift; path = DevicePropertyKey.swift; sourceTree = "<group>"; };
		2557962721D0A27A00FCAFAC /* ValueType.swift */ = {isa = PBXFileReference; lastKnownFileType = sourcecode.swift; path = ValueType.swift; sourceTree = "<group>"; };
		256DE29C20248C0C000D2549 /* AppTabBarController.swift */ = {isa = PBXFileReference; lastKnownFileType = sourcecode.swift; path = AppTabBarController.swift; sourceTree = "<group>"; };
		256DE29E202729A2000D2549 /* MeasurementRowType.swift */ = {isa = PBXFileReference; lastKnownFileType = sourcecode.swift; path = MeasurementRowType.swift; sourceTree = "<group>"; };
		2587F6C9203DEE89003DC730 /* HistMeasurementRowType.swift */ = {isa = PBXFileReference; lastKnownFileType = sourcecode.swift; path = HistMeasurementRowType.swift; sourceTree = "<group>"; };
		25952C08203DF83500B0AA33 /* TableUtil.swift */ = {isa = PBXFileReference; lastKnownFileType = sourcecode.swift; path = TableUtil.swift; sourceTree = "<group>"; };
		2598BC6A2028DF20000D646B /* de */ = {isa = PBXFileReference; lastKnownFileType = text.plist.strings; name = de; path = de.lproj/Main.strings; sourceTree = "<group>"; };
		2598BC6B2028DF20000D646B /* de */ = {isa = PBXFileReference; lastKnownFileType = text.plist.strings; name = de; path = de.lproj/LaunchScreen.strings; sourceTree = "<group>"; };
		2598BC6C2028DF20000D646B /* de */ = {isa = PBXFileReference; lastKnownFileType = text.plist.strings; name = de; path = de.lproj/Interface.strings; sourceTree = "<group>"; };
		25A789A3208C753100A4BDE0 /* OnlineMeasurementBig.swift */ = {isa = PBXFileReference; lastKnownFileType = sourcecode.swift; path = OnlineMeasurementBig.swift; sourceTree = "<group>"; };
		25EB1D4D2046C3F800AF340B /* MeasurementPropertyKey.swift */ = {isa = PBXFileReference; lastKnownFileType = sourcecode.swift; path = MeasurementPropertyKey.swift; sourceTree = "<group>"; };
		AA425ACF201E21A8001FA571 /* MeasurementTableViewController.swift */ = {isa = PBXFileReference; lastKnownFileType = sourcecode.swift; path = MeasurementTableViewController.swift; sourceTree = "<group>"; };
		AA425AD3201E603D001FA571 /* Measurement.swift */ = {isa = PBXFileReference; lastKnownFileType = sourcecode.swift; path = Measurement.swift; sourceTree = "<group>"; };
		AA43F50B1FDA6A5E00C879E0 /* JanOnVal.app */ = {isa = PBXFileReference; explicitFileType = wrapper.application; includeInIndex = 0; path = JanOnVal.app; sourceTree = BUILT_PRODUCTS_DIR; };
		AA43F50E1FDA6A5E00C879E0 /* AppDelegate.swift */ = {isa = PBXFileReference; lastKnownFileType = sourcecode.swift; path = AppDelegate.swift; sourceTree = "<group>"; };
		AA43F5131FDA6A5E00C879E0 /* Base */ = {isa = PBXFileReference; lastKnownFileType = file.storyboard; name = Base; path = Base.lproj/Main.storyboard; sourceTree = "<group>"; };
		AA43F5151FDA6A5E00C879E0 /* Assets.xcassets */ = {isa = PBXFileReference; lastKnownFileType = folder.assetcatalog; path = Assets.xcassets; sourceTree = "<group>"; };
		AA43F5181FDA6A5E00C879E0 /* Base */ = {isa = PBXFileReference; lastKnownFileType = file.storyboard; name = Base; path = Base.lproj/LaunchScreen.storyboard; sourceTree = "<group>"; };
		AA43F51A1FDA6A5E00C879E0 /* Info.plist */ = {isa = PBXFileReference; lastKnownFileType = text.plist.xml; path = Info.plist; sourceTree = "<group>"; };
		AA43F51D1FDA6A5E00C879E0 /* JanOnVal WatchKit App.app */ = {isa = PBXFileReference; explicitFileType = wrapper.application; includeInIndex = 0; path = "JanOnVal WatchKit App.app"; sourceTree = BUILT_PRODUCTS_DIR; };
		AA43F5231FDA6A5E00C879E0 /* Base */ = {isa = PBXFileReference; lastKnownFileType = file.storyboard; name = Base; path = Base.lproj/Interface.storyboard; sourceTree = "<group>"; };
		AA43F5251FDA6A5E00C879E0 /* Assets.xcassets */ = {isa = PBXFileReference; lastKnownFileType = folder.assetcatalog; path = Assets.xcassets; sourceTree = "<group>"; };
		AA43F5271FDA6A5E00C879E0 /* Info.plist */ = {isa = PBXFileReference; lastKnownFileType = text.plist.xml; path = Info.plist; sourceTree = "<group>"; };
		AA43F52C1FDA6A5E00C879E0 /* JanOnVal WatchKit Extension.appex */ = {isa = PBXFileReference; explicitFileType = "wrapper.app-extension"; includeInIndex = 0; path = "JanOnVal WatchKit Extension.appex"; sourceTree = BUILT_PRODUCTS_DIR; };
		AA43F5311FDA6A5E00C879E0 /* InterfaceController.swift */ = {isa = PBXFileReference; lastKnownFileType = sourcecode.swift; path = InterfaceController.swift; sourceTree = "<group>"; };
		AA43F5351FDA6A5E00C879E0 /* Assets.xcassets */ = {isa = PBXFileReference; lastKnownFileType = folder.assetcatalog; path = Assets.xcassets; sourceTree = "<group>"; };
		AA43F5371FDA6A5E00C879E0 /* Info.plist */ = {isa = PBXFileReference; lastKnownFileType = text.plist.xml; path = Info.plist; sourceTree = "<group>"; };
		AA4F10A5201B534000DDA380 /* DevicesViewController.swift */ = {isa = PBXFileReference; lastKnownFileType = sourcecode.swift; path = DevicesViewController.swift; sourceTree = "<group>"; };
		AA4F10A7201B561300DDA380 /* Device.swift */ = {isa = PBXFileReference; lastKnownFileType = sourcecode.swift; path = Device.swift; sourceTree = "<group>"; };
		AA665221201B78F800E63CC1 /* ServerViewController.swift */ = {isa = PBXFileReference; lastKnownFileType = sourcecode.swift; path = ServerViewController.swift; sourceTree = "<group>"; };
		AA665223201B7AF400E63CC1 /* AppModel.swift */ = {isa = PBXFileReference; lastKnownFileType = sourcecode.swift; path = AppModel.swift; sourceTree = "<group>"; };
		AA9A778121A7E4B0003B6045 /* ChartsInterfaceController.swift */ = {isa = PBXFileReference; lastKnownFileType = sourcecode.swift; path = ChartsInterfaceController.swift; sourceTree = "<group>"; };
		AAC370E52015C8E800132087 /* ConnectivityHandler.swift */ = {isa = PBXFileReference; lastKnownFileType = sourcecode.swift; path = ConnectivityHandler.swift; sourceTree = "<group>"; };
/* End PBXFileReference section */

/* Begin PBXFrameworksBuildPhase section */
		AA43F5081FDA6A5E00C879E0 /* Frameworks */ = {
			isa = PBXFrameworksBuildPhase;
			buildActionMask = 2147483647;
			files = (
			);
			runOnlyForDeploymentPostprocessing = 0;
		};
		AA43F5291FDA6A5E00C879E0 /* Frameworks */ = {
			isa = PBXFrameworksBuildPhase;
			buildActionMask = 2147483647;
			files = (
			);
			runOnlyForDeploymentPostprocessing = 0;
		};
/* End PBXFrameworksBuildPhase section */

/* Begin PBXGroup section */
		25A789A2208C706700A4BDE0 /* row */ = {
			isa = PBXGroup;
			children = (
				256DE29E202729A2000D2549 /* MeasurementRowType.swift */,
				2587F6C9203DEE89003DC730 /* HistMeasurementRowType.swift */,
			);
			path = row;
			sourceTree = "<group>";
		};
		25A789A5208C783700A4BDE0 /* util */ = {
			isa = PBXGroup;
			children = (
				25952C08203DF83500B0AA33 /* TableUtil.swift */,
				254DFD76203E102C0067E0A4 /* RequestUtil.swift */,
			);
			path = util;
			sourceTree = "<group>";
		};
		AA425AD2201E601D001FA571 /* model */ = {
			isa = PBXGroup;
			children = (
				AA4F10A7201B561300DDA380 /* Device.swift */,
				AA665223201B7AF400E63CC1 /* AppModel.swift */,
				AA425AD3201E603D001FA571 /* Measurement.swift */,
				251724522036B19D000C5EEA /* PickerData.swift */,
				25EB1D4D2046C3F800AF340B /* MeasurementPropertyKey.swift */,
				2557962721D0A27A00FCAFAC /* ValueType.swift */,
				2554BEEB21F1B5B60091DC95 /* DevicePropertyKey.swift */,
			);
			path = model;
			sourceTree = "<group>";
		};
		AA43F5021FDA6A5E00C879E0 = {
			isa = PBXGroup;
			children = (
				AA43F50D1FDA6A5E00C879E0 /* JanOnVal */,
				AA43F5211FDA6A5E00C879E0 /* JanOnVal WatchKit App */,
				AA43F5301FDA6A5E00C879E0 /* JanOnVal WatchKit Extension */,
				AA43F50C1FDA6A5E00C879E0 /* Products */,
			);
			sourceTree = "<group>";
		};
		AA43F50C1FDA6A5E00C879E0 /* Products */ = {
			isa = PBXGroup;
			children = (
				AA43F50B1FDA6A5E00C879E0 /* JanOnVal.app */,
				AA43F51D1FDA6A5E00C879E0 /* JanOnVal WatchKit App.app */,
				AA43F52C1FDA6A5E00C879E0 /* JanOnVal WatchKit Extension.appex */,
			);
			name = Products;
			sourceTree = "<group>";
		};
		AA43F50D1FDA6A5E00C879E0 /* JanOnVal */ = {
			isa = PBXGroup;
			children = (
				AA43F50E1FDA6A5E00C879E0 /* AppDelegate.swift */,
				AA43F5121FDA6A5E00C879E0 /* Main.storyboard */,
				AA43F5151FDA6A5E00C879E0 /* Assets.xcassets */,
				AA43F5171FDA6A5E00C879E0 /* LaunchScreen.storyboard */,
				AA43F51A1FDA6A5E00C879E0 /* Info.plist */,
				AAC370E52015C8E800132087 /* ConnectivityHandler.swift */,
				AA4F10A5201B534000DDA380 /* DevicesViewController.swift */,
				AA425AD2201E601D001FA571 /* model */,
				AA665221201B78F800E63CC1 /* ServerViewController.swift */,
				AA425ACF201E21A8001FA571 /* MeasurementTableViewController.swift */,
				256DE29C20248C0C000D2549 /* AppTabBarController.swift */,
				2517245020361E71000C5EEA /* MeasurementDetailViewController.swift */,
				25258B5621DD2E6900579FF9 /* SelectedMeasurementViewController.swift */,
			);
			path = JanOnVal;
			sourceTree = "<group>";
		};
		AA43F5211FDA6A5E00C879E0 /* JanOnVal WatchKit App */ = {
			isa = PBXGroup;
			children = (
				AA43F5221FDA6A5E00C879E0 /* Interface.storyboard */,
				AA43F5251FDA6A5E00C879E0 /* Assets.xcassets */,
				AA43F5271FDA6A5E00C879E0 /* Info.plist */,
			);
			path = "JanOnVal WatchKit App";
			sourceTree = "<group>";
		};
		AA43F5301FDA6A5E00C879E0 /* JanOnVal WatchKit Extension */ = {
			isa = PBXGroup;
			children = (
				AA43F5311FDA6A5E00C879E0 /* InterfaceController.swift */,
				252C87E4203CA3BA002E6CDF /* HistDetailInterfaceController.swift */,
				25A789A3208C753100A4BDE0 /* OnlineMeasurementBig.swift */,
				251B58DB219B4DC0004E4EAF /* MeasurementInfoIC.swift */,
				250655BC2039F5A300B32CC6 /* ComplicationController.swift */,
				AA9A778121A7E4B0003B6045 /* ChartsInterfaceController.swift */,
				AA43F5351FDA6A5E00C879E0 /* Assets.xcassets */,
				AA43F5371FDA6A5E00C879E0 /* Info.plist */,
				25A789A2208C706700A4BDE0 /* row */,
				25A789A5208C783700A4BDE0 /* util */,
			);
			path = "JanOnVal WatchKit Extension";
			sourceTree = "<group>";
		};
/* End PBXGroup section */

/* Begin PBXNativeTarget section */
		AA43F50A1FDA6A5E00C879E0 /* JanOnVal */ = {
			isa = PBXNativeTarget;
			buildConfigurationList = AA43F5421FDA6A5E00C879E0 /* Build configuration list for PBXNativeTarget "JanOnVal" */;
			buildPhases = (
				AA43F5071FDA6A5E00C879E0 /* Sources */,
				AA43F5081FDA6A5E00C879E0 /* Frameworks */,
				AA43F5091FDA6A5E00C879E0 /* Resources */,
				AA43F5411FDA6A5E00C879E0 /* Embed Watch Content */,
			);
			buildRules = (
			);
			dependencies = (
				AA43F5201FDA6A5E00C879E0 /* PBXTargetDependency */,
			);
			name = JanOnVal;
			productName = JanOnVal;
			productReference = AA43F50B1FDA6A5E00C879E0 /* JanOnVal.app */;
			productType = "com.apple.product-type.application";
		};
		AA43F51C1FDA6A5E00C879E0 /* JanOnVal WatchKit App */ = {
			isa = PBXNativeTarget;
			buildConfigurationList = AA43F53E1FDA6A5E00C879E0 /* Build configuration list for PBXNativeTarget "JanOnVal WatchKit App" */;
			buildPhases = (
				AA43F51B1FDA6A5E00C879E0 /* Resources */,
				AA43F53D1FDA6A5E00C879E0 /* Embed App Extensions */,
			);
			buildRules = (
			);
			dependencies = (
				AA43F52F1FDA6A5E00C879E0 /* PBXTargetDependency */,
			);
			name = "JanOnVal WatchKit App";
			productName = "JanOnVal WatchKit App";
			productReference = AA43F51D1FDA6A5E00C879E0 /* JanOnVal WatchKit App.app */;
			productType = "com.apple.product-type.application.watchapp2";
		};
		AA43F52B1FDA6A5E00C879E0 /* JanOnVal WatchKit Extension */ = {
			isa = PBXNativeTarget;
			buildConfigurationList = AA43F53A1FDA6A5E00C879E0 /* Build configuration list for PBXNativeTarget "JanOnVal WatchKit Extension" */;
			buildPhases = (
				AA43F5281FDA6A5E00C879E0 /* Sources */,
				AA43F5291FDA6A5E00C879E0 /* Frameworks */,
				AA43F52A1FDA6A5E00C879E0 /* Resources */,
			);
			buildRules = (
			);
			dependencies = (
			);
			name = "JanOnVal WatchKit Extension";
			productName = "JanOnVal WatchKit Extension";
			productReference = AA43F52C1FDA6A5E00C879E0 /* JanOnVal WatchKit Extension.appex */;
			productType = "com.apple.product-type.watchkit2-extension";
		};
/* End PBXNativeTarget section */

/* Begin PBXProject section */
		AA43F5031FDA6A5E00C879E0 /* Project object */ = {
			isa = PBXProject;
			attributes = {
				LastSwiftUpdateCheck = 0920;
				LastUpgradeCheck = 1000;
				ORGANIZATIONNAME = "Andreas Mueller";
				TargetAttributes = {
					AA43F50A1FDA6A5E00C879E0 = {
						CreatedOnToolsVersion = 9.2;
						LastSwiftMigration = 1000;
						ProvisioningStyle = Manual;
					};
					AA43F51C1FDA6A5E00C879E0 = {
						CreatedOnToolsVersion = 9.2;
						ProvisioningStyle = Manual;
					};
					AA43F52B1FDA6A5E00C879E0 = {
						CreatedOnToolsVersion = 9.2;
						LastSwiftMigration = 1000;
						ProvisioningStyle = Manual;
					};
				};
			};
			buildConfigurationList = AA43F5061FDA6A5E00C879E0 /* Build configuration list for PBXProject "JanOnVal" */;
			compatibilityVersion = "Xcode 8.0";
			developmentRegion = en;
			hasScannedForEncodings = 0;
			knownRegions = (
				en,
				Base,
			);
			mainGroup = AA43F5021FDA6A5E00C879E0;
			productRefGroup = AA43F50C1FDA6A5E00C879E0 /* Products */;
			projectDirPath = "";
			projectRoot = "";
			targets = (
				AA43F50A1FDA6A5E00C879E0 /* JanOnVal */,
				AA43F51C1FDA6A5E00C879E0 /* JanOnVal WatchKit App */,
				AA43F52B1FDA6A5E00C879E0 /* JanOnVal WatchKit Extension */,
			);
		};
/* End PBXProject section */

/* Begin PBXResourcesBuildPhase section */
		AA43F5091FDA6A5E00C879E0 /* Resources */ = {
			isa = PBXResourcesBuildPhase;
			buildActionMask = 2147483647;
			files = (
				AA43F5191FDA6A5E00C879E0 /* LaunchScreen.storyboard in Resources */,
				AA43F5161FDA6A5E00C879E0 /* Assets.xcassets in Resources */,
				AA43F5141FDA6A5E00C879E0 /* Main.storyboard in Resources */,
			);
			runOnlyForDeploymentPostprocessing = 0;
		};
		AA43F51B1FDA6A5E00C879E0 /* Resources */ = {
			isa = PBXResourcesBuildPhase;
			buildActionMask = 2147483647;
			files = (
				AA43F5261FDA6A5E00C879E0 /* Assets.xcassets in Resources */,
				AA43F5241FDA6A5E00C879E0 /* Interface.storyboard in Resources */,
			);
			runOnlyForDeploymentPostprocessing = 0;
		};
		AA43F52A1FDA6A5E00C879E0 /* Resources */ = {
			isa = PBXResourcesBuildPhase;
			buildActionMask = 2147483647;
			files = (
				AA43F5361FDA6A5E00C879E0 /* Assets.xcassets in Resources */,
			);
			runOnlyForDeploymentPostprocessing = 0;
		};
/* End PBXResourcesBuildPhase section */

/* Begin PBXSourcesBuildPhase section */
		AA43F5071FDA6A5E00C879E0 /* Sources */ = {
			isa = PBXSourcesBuildPhase;
			buildActionMask = 2147483647;
			files = (
				25258B5721DD2E6900579FF9 /* SelectedMeasurementViewController.swift in Sources */,
				AA4F10A6201B534000DDA380 /* DevicesViewController.swift in Sources */,
				AA665224201B7AF400E63CC1 /* AppModel.swift in Sources */,
				256DE29D20248C0C000D2549 /* AppTabBarController.swift in Sources */,
				AAC370E62015C8E800132087 /* ConnectivityHandler.swift in Sources */,
				2517245120361E71000C5EEA /* MeasurementDetailViewController.swift in Sources */,
				2557962821D0A27A00FCAFAC /* ValueType.swift in Sources */,
				AA665222201B78F800E63CC1 /* ServerViewController.swift in Sources */,
				AA425AD4201E603D001FA571 /* Measurement.swift in Sources */,
				AA43F50F1FDA6A5E00C879E0 /* AppDelegate.swift in Sources */,
				2554BEEC21F1B5B60091DC95 /* DevicePropertyKey.swift in Sources */,
				AA425AD0201E21A8001FA571 /* MeasurementTableViewController.swift in Sources */,
				251724532036B19D000C5EEA /* PickerData.swift in Sources */,
				25EB1D4E2046C3F800AF340B /* MeasurementPropertyKey.swift in Sources */,
				AA4F10A8201B561300DDA380 /* Device.swift in Sources */,
			);
			runOnlyForDeploymentPostprocessing = 0;
		};
		AA43F5281FDA6A5E00C879E0 /* Sources */ = {
			isa = PBXSourcesBuildPhase;
			buildActionMask = 2147483647;
			files = (
				2587F6CA203DEE89003DC730 /* HistMeasurementRowType.swift in Sources */,
				250655BD2039F5A300B32CC6 /* ComplicationController.swift in Sources */,
				AA9A778221A7E4B0003B6045 /* ChartsInterfaceController.swift in Sources */,
				25A789A4208C753100A4BDE0 /* OnlineMeasurementBig.swift in Sources */,
				256DE29F202729A2000D2549 /* MeasurementRowType.swift in Sources */,
				252C87E5203CA3BA002E6CDF /* HistDetailInterfaceController.swift in Sources */,
				251B58DC219B4DC0004E4EAF /* MeasurementInfoIC.swift in Sources */,
				25952C09203DF83500B0AA33 /* TableUtil.swift in Sources */,
				AA43F5321FDA6A5E00C879E0 /* InterfaceController.swift in Sources */,
				254DFD77203E102C0067E0A4 /* RequestUtil.swift in Sources */,
			);
			runOnlyForDeploymentPostprocessing = 0;
		};
/* End PBXSourcesBuildPhase section */

/* Begin PBXTargetDependency section */
		AA43F5201FDA6A5E00C879E0 /* PBXTargetDependency */ = {
			isa = PBXTargetDependency;
			target = AA43F51C1FDA6A5E00C879E0 /* JanOnVal WatchKit App */;
			targetProxy = AA43F51F1FDA6A5E00C879E0 /* PBXContainerItemProxy */;
		};
		AA43F52F1FDA6A5E00C879E0 /* PBXTargetDependency */ = {
			isa = PBXTargetDependency;
			target = AA43F52B1FDA6A5E00C879E0 /* JanOnVal WatchKit Extension */;
			targetProxy = AA43F52E1FDA6A5E00C879E0 /* PBXContainerItemProxy */;
		};
/* End PBXTargetDependency section */

/* Begin PBXVariantGroup section */
		AA43F5121FDA6A5E00C879E0 /* Main.storyboard */ = {
			isa = PBXVariantGroup;
			children = (
				AA43F5131FDA6A5E00C879E0 /* Base */,
				2598BC6A2028DF20000D646B /* de */,
			);
			name = Main.storyboard;
			sourceTree = "<group>";
		};
		AA43F5171FDA6A5E00C879E0 /* LaunchScreen.storyboard */ = {
			isa = PBXVariantGroup;
			children = (
				AA43F5181FDA6A5E00C879E0 /* Base */,
				2598BC6B2028DF20000D646B /* de */,
			);
			name = LaunchScreen.storyboard;
			sourceTree = "<group>";
		};
		AA43F5221FDA6A5E00C879E0 /* Interface.storyboard */ = {
			isa = PBXVariantGroup;
			children = (
				AA43F5231FDA6A5E00C879E0 /* Base */,
				2598BC6C2028DF20000D646B /* de */,
			);
			name = Interface.storyboard;
			sourceTree = "<group>";
		};
/* End PBXVariantGroup section */

/* Begin XCBuildConfiguration section */
		AA43F5381FDA6A5E00C879E0 /* Debug */ = {
			isa = XCBuildConfiguration;
			buildSettings = {
				ALWAYS_SEARCH_USER_PATHS = NO;
				CLANG_ANALYZER_LOCALIZABILITY_NONLOCALIZED = YES;
				CLANG_ANALYZER_NONNULL = YES;
				CLANG_ANALYZER_NUMBER_OBJECT_CONVERSION = YES_AGGRESSIVE;
				CLANG_CXX_LANGUAGE_STANDARD = "gnu++14";
				CLANG_CXX_LIBRARY = "libc++";
				CLANG_ENABLE_MODULES = YES;
				CLANG_ENABLE_OBJC_ARC = YES;
				CLANG_WARN_BLOCK_CAPTURE_AUTORELEASING = YES;
				CLANG_WARN_BOOL_CONVERSION = YES;
				CLANG_WARN_COMMA = YES;
				CLANG_WARN_CONSTANT_CONVERSION = YES;
				CLANG_WARN_DEPRECATED_OBJC_IMPLEMENTATIONS = YES;
				CLANG_WARN_DIRECT_OBJC_ISA_USAGE = YES_ERROR;
				CLANG_WARN_DOCUMENTATION_COMMENTS = YES;
				CLANG_WARN_EMPTY_BODY = YES;
				CLANG_WARN_ENUM_CONVERSION = YES;
				CLANG_WARN_INFINITE_RECURSION = YES;
				CLANG_WARN_INT_CONVERSION = YES;
				CLANG_WARN_NON_LITERAL_NULL_CONVERSION = YES;
				CLANG_WARN_OBJC_IMPLICIT_RETAIN_SELF = YES;
				CLANG_WARN_OBJC_LITERAL_CONVERSION = YES;
				CLANG_WARN_OBJC_ROOT_CLASS = YES_ERROR;
				CLANG_WARN_RANGE_LOOP_ANALYSIS = YES;
				CLANG_WARN_STRICT_PROTOTYPES = YES;
				CLANG_WARN_SUSPICIOUS_MOVE = YES;
				CLANG_WARN_UNGUARDED_AVAILABILITY = YES_AGGRESSIVE;
				CLANG_WARN_UNREACHABLE_CODE = YES;
				CLANG_WARN__DUPLICATE_METHOD_MATCH = YES;
				CODE_SIGN_IDENTITY = "iPhone Developer";
				CODE_SIGN_STYLE = Manual;
				COPY_PHASE_STRIP = NO;
				DEBUG_INFORMATION_FORMAT = dwarf;
				DEVELOPMENT_TEAM = 364UQ5RPHK;
				ENABLE_STRICT_OBJC_MSGSEND = YES;
				ENABLE_TESTABILITY = YES;
				GCC_C_LANGUAGE_STANDARD = gnu11;
				GCC_DYNAMIC_NO_PIC = NO;
				GCC_NO_COMMON_BLOCKS = YES;
				GCC_OPTIMIZATION_LEVEL = 0;
				GCC_PREPROCESSOR_DEFINITIONS = (
					"DEBUG=1",
					"$(inherited)",
				);
				GCC_WARN_64_TO_32_BIT_CONVERSION = YES;
				GCC_WARN_ABOUT_RETURN_TYPE = YES_ERROR;
				GCC_WARN_UNDECLARED_SELECTOR = YES;
				GCC_WARN_UNINITIALIZED_AUTOS = YES_AGGRESSIVE;
				GCC_WARN_UNUSED_FUNCTION = YES;
				GCC_WARN_UNUSED_VARIABLE = YES;
				IPHONEOS_DEPLOYMENT_TARGET = 12.0;
				MTL_ENABLE_DEBUG_INFO = YES;
				ONLY_ACTIVE_ARCH = YES;
				PROVISIONING_PROFILE_SPECIFIER = "GridVis Watch App Store";
				SDKROOT = iphoneos;
				SWIFT_ACTIVE_COMPILATION_CONDITIONS = DEBUG;
				SWIFT_OPTIMIZATION_LEVEL = "-Onone";
			};
			name = Debug;
		};
		AA43F5391FDA6A5E00C879E0 /* Release */ = {
			isa = XCBuildConfiguration;
			buildSettings = {
				ALWAYS_SEARCH_USER_PATHS = NO;
				CLANG_ANALYZER_LOCALIZABILITY_NONLOCALIZED = YES;
				CLANG_ANALYZER_NONNULL = YES;
				CLANG_ANALYZER_NUMBER_OBJECT_CONVERSION = YES_AGGRESSIVE;
				CLANG_CXX_LANGUAGE_STANDARD = "gnu++14";
				CLANG_CXX_LIBRARY = "libc++";
				CLANG_ENABLE_MODULES = YES;
				CLANG_ENABLE_OBJC_ARC = YES;
				CLANG_WARN_BLOCK_CAPTURE_AUTORELEASING = YES;
				CLANG_WARN_BOOL_CONVERSION = YES;
				CLANG_WARN_COMMA = YES;
				CLANG_WARN_CONSTANT_CONVERSION = YES;
				CLANG_WARN_DEPRECATED_OBJC_IMPLEMENTATIONS = YES;
				CLANG_WARN_DIRECT_OBJC_ISA_USAGE = YES_ERROR;
				CLANG_WARN_DOCUMENTATION_COMMENTS = YES;
				CLANG_WARN_EMPTY_BODY = YES;
				CLANG_WARN_ENUM_CONVERSION = YES;
				CLANG_WARN_INFINITE_RECURSION = YES;
				CLANG_WARN_INT_CONVERSION = YES;
				CLANG_WARN_NON_LITERAL_NULL_CONVERSION = YES;
				CLANG_WARN_OBJC_IMPLICIT_RETAIN_SELF = YES;
				CLANG_WARN_OBJC_LITERAL_CONVERSION = YES;
				CLANG_WARN_OBJC_ROOT_CLASS = YES_ERROR;
				CLANG_WARN_RANGE_LOOP_ANALYSIS = YES;
				CLANG_WARN_STRICT_PROTOTYPES = YES;
				CLANG_WARN_SUSPICIOUS_MOVE = YES;
				CLANG_WARN_UNGUARDED_AVAILABILITY = YES_AGGRESSIVE;
				CLANG_WARN_UNREACHABLE_CODE = YES;
				CLANG_WARN__DUPLICATE_METHOD_MATCH = YES;
				CODE_SIGN_IDENTITY = "iPhone Distribution";
				CODE_SIGN_STYLE = Manual;
				COPY_PHASE_STRIP = NO;
				DEBUG_INFORMATION_FORMAT = "dwarf-with-dsym";
				DEVELOPMENT_TEAM = 364UQ5RPHK;
				ENABLE_NS_ASSERTIONS = NO;
				ENABLE_STRICT_OBJC_MSGSEND = YES;
				GCC_C_LANGUAGE_STANDARD = gnu11;
				GCC_NO_COMMON_BLOCKS = YES;
				GCC_WARN_64_TO_32_BIT_CONVERSION = YES;
				GCC_WARN_ABOUT_RETURN_TYPE = YES_ERROR;
				GCC_WARN_UNDECLARED_SELECTOR = YES;
				GCC_WARN_UNINITIALIZED_AUTOS = YES_AGGRESSIVE;
				GCC_WARN_UNUSED_FUNCTION = YES;
				GCC_WARN_UNUSED_VARIABLE = YES;
				IPHONEOS_DEPLOYMENT_TARGET = 12.0;
				MTL_ENABLE_DEBUG_INFO = NO;
				PROVISIONING_PROFILE_SPECIFIER = "GridVis Watch App Store";
				SDKROOT = iphoneos;
				SWIFT_OPTIMIZATION_LEVEL = "-Owholemodule";
				VALIDATE_PRODUCT = YES;
			};
			name = Release;
		};
		AA43F53B1FDA6A5E00C879E0 /* Debug */ = {
			isa = XCBuildConfiguration;
			buildSettings = {
				ASSETCATALOG_COMPILER_COMPLICATION_NAME = Complication;
				CODE_SIGN_IDENTITY = "iPhone Developer";
				"CODE_SIGN_IDENTITY[sdk=watchos*]" = "iPhone Developer";
				CODE_SIGN_STYLE = Manual;
				DEVELOPMENT_TEAM = 364UQ5RPHK;
				INFOPLIST_FILE = "JanOnVal WatchKit Extension/Info.plist";
				LD_RUNPATH_SEARCH_PATHS = "$(inherited) @executable_path/Frameworks @executable_path/../../Frameworks";
				PRODUCT_BUNDLE_IDENTIFIER = de.janitza.ios.gridvis.watch;
				PRODUCT_NAME = "${TARGET_NAME}";
				PROVISIONING_PROFILE_SPECIFIER = "GridVis Watch Dev";
				SDKROOT = watchos;
				SKIP_INSTALL = YES;
				SWIFT_VERSION = 4.2;
				TARGETED_DEVICE_FAMILY = 4;
				WATCHOS_DEPLOYMENT_TARGET = 5.0;
			};
			name = Debug;
		};
		AA43F53C1FDA6A5E00C879E0 /* Release */ = {
			isa = XCBuildConfiguration;
			buildSettings = {
				ASSETCATALOG_COMPILER_COMPLICATION_NAME = Complication;
				CODE_SIGN_IDENTITY = "iPhone Distribution: Janitza electronics GmbH (364UQ5RPHK)";
				"CODE_SIGN_IDENTITY[sdk=watchos*]" = "iPhone Distribution: Janitza electronics GmbH (364UQ5RPHK)";
				CODE_SIGN_STYLE = Manual;
				DEVELOPMENT_TEAM = 364UQ5RPHK;
				INFOPLIST_FILE = "JanOnVal WatchKit Extension/Info.plist";
				LD_RUNPATH_SEARCH_PATHS = "$(inherited) @executable_path/Frameworks @executable_path/../../Frameworks";
				PRODUCT_BUNDLE_IDENTIFIER = de.janitza.ios.gridvis.watch.wk.wke;
				PRODUCT_NAME = "${TARGET_NAME}";
				PROVISIONING_PROFILE_SPECIFIER = "GridVis Watch WatchKit Extesion";
				SDKROOT = watchos;
				SKIP_INSTALL = YES;
				SWIFT_VERSION = 4.2;
				TARGETED_DEVICE_FAMILY = 4;
				WATCHOS_DEPLOYMENT_TARGET = 5.0;
			};
			name = Release;
		};
		AA43F53F1FDA6A5E00C879E0 /* Debug */ = {
			isa = XCBuildConfiguration;
			buildSettings = {
				ALWAYS_EMBED_SWIFT_STANDARD_LIBRARIES = YES;
				ASSETCATALOG_COMPILER_APPICON_NAME = AppIcon;
				CODE_SIGN_IDENTITY = "iPhone Developer";
				"CODE_SIGN_IDENTITY[sdk=watchos*]" = "iPhone Developer";
				CODE_SIGN_STYLE = Manual;
				DEVELOPMENT_TEAM = 364UQ5RPHK;
				IBSC_MODULE = JanOnVal_WatchKit_Extension;
				INFOPLIST_FILE = "JanOnVal WatchKit App/Info.plist";
				PRODUCT_BUNDLE_IDENTIFIER = de.janitza.ios.gridvis.watch;
				PRODUCT_NAME = "$(TARGET_NAME)";
				PROVISIONING_PROFILE = "";
				PROVISIONING_PROFILE_SPECIFIER = "GridVis Watch Dev";
				SDKROOT = watchos;
				SKIP_INSTALL = YES;
				SWIFT_VERSION = 4.0;
				TARGETED_DEVICE_FAMILY = 4;
				WATCHOS_DEPLOYMENT_TARGET = 5.0;
			};
			name = Debug;
		};
		AA43F5401FDA6A5E00C879E0 /* Release */ = {
			isa = XCBuildConfiguration;
			buildSettings = {
				ALWAYS_EMBED_SWIFT_STANDARD_LIBRARIES = YES;
				ASSETCATALOG_COMPILER_APPICON_NAME = AppIcon;
				CODE_SIGN_IDENTITY = "iPhone Distribution: Janitza electronics GmbH (364UQ5RPHK)";
				"CODE_SIGN_IDENTITY[sdk=watchos*]" = "iPhone Distribution: Janitza electronics GmbH (364UQ5RPHK)";
				CODE_SIGN_STYLE = Manual;
				DEVELOPMENT_TEAM = 364UQ5RPHK;
				IBSC_MODULE = JanOnVal_WatchKit_Extension;
				INFOPLIST_FILE = "JanOnVal WatchKit App/Info.plist";
				PRODUCT_BUNDLE_IDENTIFIER = de.janitza.ios.gridvis.watch.wk;
				PRODUCT_NAME = "$(TARGET_NAME)";
				PROVISIONING_PROFILE = "";
				PROVISIONING_PROFILE_SPECIFIER = "GridVis Watch Watch App";
				SDKROOT = watchos;
				SKIP_INSTALL = YES;
				SWIFT_VERSION = 4.0;
				TARGETED_DEVICE_FAMILY = 4;
				WATCHOS_DEPLOYMENT_TARGET = 5.0;
			};
			name = Release;
		};
		AA43F5431FDA6A5E00C879E0 /* Debug */ = {
			isa = XCBuildConfiguration;
			buildSettings = {
				ASSETCATALOG_COMPILER_APPICON_NAME = AppIcon;
				"CODE_SIGN_ENTITLEMENTS[sdk=*]" = "";
				CODE_SIGN_IDENTITY = "iPhone Developer";
				"CODE_SIGN_IDENTITY[sdk=iphoneos*]" = "iPhone Developer";
				CODE_SIGN_STYLE = Manual;
				DEVELOPMENT_TEAM = 364UQ5RPHK;
				INFOPLIST_FILE = JanOnVal/Info.plist;
				IPHONEOS_DEPLOYMENT_TARGET = 12.0;
				LD_RUNPATH_SEARCH_PATHS = "$(inherited) @executable_path/Frameworks";
				PRODUCT_BUNDLE_IDENTIFIER = de.janitza.ios.gridvis.watch;
				PRODUCT_NAME = "$(TARGET_NAME)";
				PROVISIONING_PROFILE_SPECIFIER = "GridVis Watch Dev";
				SWIFT_VERSION = 4.2;
				TARGETED_DEVICE_FAMILY = 1;
			};
			name = Debug;
		};
		AA43F5441FDA6A5E00C879E0 /* Release */ = {
			isa = XCBuildConfiguration;
			buildSettings = {
				ASSETCATALOG_COMPILER_APPICON_NAME = AppIcon;
				CODE_SIGN_IDENTITY = "iPhone Distribution: Janitza electronics GmbH (364UQ5RPHK)";
				"CODE_SIGN_IDENTITY[sdk=iphoneos*]" = "iPhone Distribution: Janitza electronics GmbH (364UQ5RPHK)";
				CODE_SIGN_STYLE = Manual;
				DEVELOPMENT_TEAM = 364UQ5RPHK;
				INFOPLIST_FILE = JanOnVal/Info.plist;
				IPHONEOS_DEPLOYMENT_TARGET = 12.0;
				LD_RUNPATH_SEARCH_PATHS = "$(inherited) @executable_path/Frameworks";
				PRODUCT_BUNDLE_IDENTIFIER = de.janitza.ios.gridvis.watch;
				PRODUCT_NAME = "$(TARGET_NAME)";
				PROVISIONING_PROFILE_SPECIFIER = "GridVis Watch App Store";
				SWIFT_VERSION = 4.2;
				TARGETED_DEVICE_FAMILY = 1;
			};
			name = Release;
		};
/* End XCBuildConfiguration section */

/* Begin XCConfigurationList section */
		AA43F5061FDA6A5E00C879E0 /* Build configuration list for PBXProject "JanOnVal" */ = {
			isa = XCConfigurationList;
			buildConfigurations = (
				AA43F5381FDA6A5E00C879E0 /* Debug */,
				AA43F5391FDA6A5E00C879E0 /* Release */,
			);
			defaultConfigurationIsVisible = 0;
			defaultConfigurationName = Release;
		};
		AA43F53A1FDA6A5E00C879E0 /* Build configuration list for PBXNativeTarget "JanOnVal WatchKit Extension" */ = {
			isa = XCConfigurationList;
			buildConfigurations = (
				AA43F53B1FDA6A5E00C879E0 /* Debug */,
				AA43F53C1FDA6A5E00C879E0 /* Release */,
			);
			defaultConfigurationIsVisible = 0;
			defaultConfigurationName = Release;
		};
		AA43F53E1FDA6A5E00C879E0 /* Build configuration list for PBXNativeTarget "JanOnVal WatchKit App" */ = {
			isa = XCConfigurationList;
			buildConfigurations = (
				AA43F53F1FDA6A5E00C879E0 /* Debug */,
				AA43F5401FDA6A5E00C879E0 /* Release */,
			);
			defaultConfigurationIsVisible = 0;
			defaultConfigurationName = Release;
		};
		AA43F5421FDA6A5E00C879E0 /* Build configuration list for PBXNativeTarget "JanOnVal" */ = {
			isa = XCConfigurationList;
			buildConfigurations = (
				AA43F5431FDA6A5E00C879E0 /* Debug */,
				AA43F5441FDA6A5E00C879E0 /* Release */,
			);
			defaultConfigurationIsVisible = 0;
			defaultConfigurationName = Release;
		};
/* End XCConfigurationList section */
	};
	rootObject = AA43F5031FDA6A5E00C879E0 /* Project object */;
}
