// !$*UTF8*$!
{
	archiveVersion = 1;
	classes = {
	};
	objectVersion = 54;
	objects = {

/* Begin PBXBuildFile section */
		250655BD2039F5A300B32CC6 /* ComplicationController.swift in Sources */ = {isa = PBXBuildFile; fileRef = 250655BC2039F5A300B32CC6 /* ComplicationController.swift */; };
		2514EAED25DAD9800009D947 /* FirstWidgetView.swift in Sources */ = {isa = PBXBuildFile; fileRef = 2514EAEC25DAD9800009D947 /* FirstWidgetView.swift */; };
		2514EAF925DADA720009D947 /* SecondWidgetView.swift in Sources */ = {isa = PBXBuildFile; fileRef = 2514EAF825DADA720009D947 /* SecondWidgetView.swift */; };
		2517245120361E71000C5EEA /* MeasurementDetailViewController.swift in Sources */ = {isa = PBXBuildFile; fileRef = 2517245020361E71000C5EEA /* MeasurementDetailViewController.swift */; };
		251724532036B19D000C5EEA /* PickerData.swift in Sources */ = {isa = PBXBuildFile; fileRef = 251724522036B19D000C5EEA /* PickerData.swift */; };
		251A10C125271B6900EB9529 /* Intents.intentdefinition in Sources */ = {isa = PBXBuildFile; fileRef = 251A10C025271B6900EB9529 /* Intents.intentdefinition */; };
		251A10C225271B6900EB9529 /* Intents.intentdefinition in Sources */ = {isa = PBXBuildFile; fileRef = 251A10C025271B6900EB9529 /* Intents.intentdefinition */; };
		251B58DC219B4DC0004E4EAF /* MeasurementInfoIC.swift in Sources */ = {isa = PBXBuildFile; fileRef = 251B58DB219B4DC0004E4EAF /* MeasurementInfoIC.swift */; };
		251D8F6325DAC26F005A821B /* EnergyMediumPlaceholderView.swift in Sources */ = {isa = PBXBuildFile; fileRef = 251D8F6225DAC26F005A821B /* EnergyMediumPlaceholderView.swift */; };
		251D8F6A25DAC6C1005A821B /* EnergyValueManager.swift in Sources */ = {isa = PBXBuildFile; fileRef = 251D8F6925DAC6C1005A821B /* EnergyValueManager.swift */; };
		25258B5721DD2E6900579FF9 /* SelectedMeasurementViewController.swift in Sources */ = {isa = PBXBuildFile; fileRef = 25258B5621DD2E6900579FF9 /* SelectedMeasurementViewController.swift */; };
		252C87E5203CA3BA002E6CDF /* HistDetailInterfaceController.swift in Sources */ = {isa = PBXBuildFile; fileRef = 252C87E4203CA3BA002E6CDF /* HistDetailInterfaceController.swift */; };
		252E17C525B19ABC00975F06 /* IndicatorTimeLineProvider.swift in Sources */ = {isa = PBXBuildFile; fileRef = 252E17C425B19ABC00975F06 /* IndicatorTimeLineProvider.swift */; };
		252E17CC25B19C3300975F06 /* IndicatorEntry.swift in Sources */ = {isa = PBXBuildFile; fileRef = 252E17CB25B19C3300975F06 /* IndicatorEntry.swift */; };
		254DF64B251DB734003CED3A /* WidgetKit.framework in Frameworks */ = {isa = PBXBuildFile; fileRef = 254DF5F7251DB312003CED3A /* WidgetKit.framework */; };
		254DF64C251DB734003CED3A /* SwiftUI.framework in Frameworks */ = {isa = PBXBuildFile; fileRef = 254DF5F9251DB312003CED3A /* SwiftUI.framework */; };
		254DF651251DB734003CED3A /* Assets.xcassets in Resources */ = {isa = PBXBuildFile; fileRef = 254DF650251DB734003CED3A /* Assets.xcassets */; };
		254DF655251DB734003CED3A /* GriCoWidgetExtension.appex in Embed App Extensions */ = {isa = PBXBuildFile; fileRef = 254DF64A251DB734003CED3A /* GriCoWidgetExtension.appex */; settings = {ATTRIBUTES = (RemoveHeadersOnCopy, ); }; };
		254DFD77203E102C0067E0A4 /* RequestUtil.swift in Sources */ = {isa = PBXBuildFile; fileRef = 254DFD76203E102C0067E0A4 /* RequestUtil.swift */; };
		254F30EF2529071400E4AD12 /* IntentHandler.swift in Sources */ = {isa = PBXBuildFile; fileRef = 254F30EE2529071400E4AD12 /* IntentHandler.swift */; };
		254F31042529071500E4AD12 /* WidgetsIntensExtension.appex in Embed App Extensions */ = {isa = PBXBuildFile; fileRef = 254F30EC2529071400E4AD12 /* WidgetsIntensExtension.appex */; settings = {ATTRIBUTES = (RemoveHeadersOnCopy, ); }; };
		254F311D252909DC00E4AD12 /* Intents.intentdefinition in Sources */ = {isa = PBXBuildFile; fileRef = 251A10C025271B6900EB9529 /* Intents.intentdefinition */; };
		254F314325290C6300E4AD12 /* Measurement.swift in Sources */ = {isa = PBXBuildFile; fileRef = AA425AD3201E603D001FA571 /* Measurement.swift */; };
		254F314A25290C8D00E4AD12 /* ValueType.swift in Sources */ = {isa = PBXBuildFile; fileRef = 2557962721D0A27A00FCAFAC /* ValueType.swift */; };
		254F315125290CA400E4AD12 /* Device.swift in Sources */ = {isa = PBXBuildFile; fileRef = AA4F10A7201B561300DDA380 /* Device.swift */; };
		254F315825290CA700E4AD12 /* MeasurementPropertyKey.swift in Sources */ = {isa = PBXBuildFile; fileRef = 25EB1D4D2046C3F800AF340B /* MeasurementPropertyKey.swift */; };
		254F315F25290CBF00E4AD12 /* PickerData.swift in Sources */ = {isa = PBXBuildFile; fileRef = 251724522036B19D000C5EEA /* PickerData.swift */; };
		254F316625290CC200E4AD12 /* DevicePropertyKey.swift in Sources */ = {isa = PBXBuildFile; fileRef = 2554BEEB21F1B5B60091DC95 /* DevicePropertyKey.swift */; };
		2554BEEC21F1B5B60091DC95 /* DevicePropertyKey.swift in Sources */ = {isa = PBXBuildFile; fileRef = 2554BEEB21F1B5B60091DC95 /* DevicePropertyKey.swift */; };
		2557962821D0A27A00FCAFAC /* ValueType.swift in Sources */ = {isa = PBXBuildFile; fileRef = 2557962721D0A27A00FCAFAC /* ValueType.swift */; };
		255970E227AD3BC200251AEC /* ChartMediumEntryView.swift in Sources */ = {isa = PBXBuildFile; fileRef = 255970E127AD3BC200251AEC /* ChartMediumEntryView.swift */; };
		255970E427AD3D3A00251AEC /* ChartMediumPlaceholderView.swift in Sources */ = {isa = PBXBuildFile; fileRef = 255970E327AD3D3A00251AEC /* ChartMediumPlaceholderView.swift */; };
		255970E727AD44A400251AEC /* ChartMediumEntry.swift in Sources */ = {isa = PBXBuildFile; fileRef = 255970E627AD44A400251AEC /* ChartMediumEntry.swift */; };
		255A9C1E2539B4360043944F /* MeasurementValueManager.swift in Sources */ = {isa = PBXBuildFile; fileRef = 255A9C1D2539B4360043944F /* MeasurementValueManager.swift */; };
		256DE29D20248C0C000D2549 /* AppTabBarController.swift in Sources */ = {isa = PBXBuildFile; fileRef = 256DE29C20248C0C000D2549 /* AppTabBarController.swift */; };
		256DE29F202729A2000D2549 /* MeasurementRowType.swift in Sources */ = {isa = PBXBuildFile; fileRef = 256DE29E202729A2000D2549 /* MeasurementRowType.swift */; };
		256DECC1290BD40A00001DC9 /* IndicatorInlineEntryView.swift in Sources */ = {isa = PBXBuildFile; fileRef = 256DECC0290BD40A00001DC9 /* IndicatorInlineEntryView.swift */; };
		2579BD3425DA908200DE1F2C /* EnergyMediumEntry.swift in Sources */ = {isa = PBXBuildFile; fileRef = 2579BD3325DA908200DE1F2C /* EnergyMediumEntry.swift */; };
		2579BD3B25DA927700DE1F2C /* EnergyMediumTimeLineProvider.swift in Sources */ = {isa = PBXBuildFile; fileRef = 2579BD3A25DA927700DE1F2C /* EnergyMediumTimeLineProvider.swift */; };
		2579BD4225DA929400DE1F2C /* EnergyMediumWidget.swift in Sources */ = {isa = PBXBuildFile; fileRef = 2579BD4125DA929400DE1F2C /* EnergyMediumWidget.swift */; };
		25817E1C25BB0075005DD297 /* EnergySmallPlaceholderView.swift in Sources */ = {isa = PBXBuildFile; fileRef = 25817E1B25BB0075005DD297 /* EnergySmallPlaceholderView.swift */; };
		2582DDB92B1B8BA7007CF9E5 /* LineChart.swift in Sources */ = {isa = PBXBuildFile; fileRef = 2582DDB82B1B8BA7007CF9E5 /* LineChart.swift */; };
		2582DDBB2B1BA15D007CF9E5 /* ChartData.swift in Sources */ = {isa = PBXBuildFile; fileRef = 2582DDBA2B1BA15D007CF9E5 /* ChartData.swift */; };
		2582DDBD2B1BB3D6007CF9E5 /* ChartDataSeries.swift in Sources */ = {isa = PBXBuildFile; fileRef = 2582DDBC2B1BB3D6007CF9E5 /* ChartDataSeries.swift */; };
		2587F6CA203DEE89003DC730 /* HistMeasurementRowType.swift in Sources */ = {isa = PBXBuildFile; fileRef = 2587F6C9203DEE89003DC730 /* HistMeasurementRowType.swift */; };
		25952C09203DF83500B0AA33 /* TableUtil.swift in Sources */ = {isa = PBXBuildFile; fileRef = 25952C08203DF83500B0AA33 /* TableUtil.swift */; };
		259A9446220D66A40085A387 /* OptionsInterfaceController.swift in Sources */ = {isa = PBXBuildFile; fileRef = 259A9445220D66A40085A387 /* OptionsInterfaceController.swift */; };
		259BFA00290BDDFA00FB13E4 /* IndicatorRectangularEntryView.swift in Sources */ = {isa = PBXBuildFile; fileRef = 259BF9FF290BDDFA00FB13E4 /* IndicatorRectangularEntryView.swift */; };
		259BFA02290D188800FB13E4 /* IndicatorCircularEntryView.swift in Sources */ = {isa = PBXBuildFile; fileRef = 259BFA01290D188800FB13E4 /* IndicatorCircularEntryView.swift */; };
		259BFA04290E7D6300FB13E4 /* EnergySmallInlineEntryView.swift in Sources */ = {isa = PBXBuildFile; fileRef = 259BFA03290E7D6300FB13E4 /* EnergySmallInlineEntryView.swift */; };
		259BFA06290E7F6100FB13E4 /* EnergySmallRectangularEntryView.swift in Sources */ = {isa = PBXBuildFile; fileRef = 259BFA05290E7F6100FB13E4 /* EnergySmallRectangularEntryView.swift */; };
		259BFA08290E88C900FB13E4 /* EnergySmallCircularEntryView.swift in Sources */ = {isa = PBXBuildFile; fileRef = 259BFA07290E88C900FB13E4 /* EnergySmallCircularEntryView.swift */; };
		25A48977289D08CF00574C9C /* CloudKit.framework in Frameworks */ = {isa = PBXBuildFile; fileRef = 25A48976289D08CF00574C9C /* CloudKit.framework */; };
		25A789A4208C753100A4BDE0 /* OnlineMeasurementBig.swift in Sources */ = {isa = PBXBuildFile; fileRef = 25A789A3208C753100A4BDE0 /* OnlineMeasurementBig.swift */; };
		25B1C93C2893E73300F3FAE7 /* ValuesScreen.swift in Sources */ = {isa = PBXBuildFile; fileRef = 25B1C93B2893E73200F3FAE7 /* ValuesScreen.swift */; };
		25B1C9402893FE3400F3FAE7 /* EnergyCommon.swift in Sources */ = {isa = PBXBuildFile; fileRef = 25817E2925BB0640005DD297 /* EnergyCommon.swift */; };
		25B1C9412893FE6000F3FAE7 /* MeasurementValue.swift in Sources */ = {isa = PBXBuildFile; fileRef = 255A9C162539B2A70043944F /* MeasurementValue.swift */; };
		25B1C9422893FFCB00F3FAE7 /* MeasurementValueManager.swift in Sources */ = {isa = PBXBuildFile; fileRef = 255A9C1D2539B4360043944F /* MeasurementValueManager.swift */; };
		25B1C9492894003400F3FAE7 /* ChartMediumEntry.swift in Sources */ = {isa = PBXBuildFile; fileRef = 255970E627AD44A400251AEC /* ChartMediumEntry.swift */; };
		25B1C94A2894008F00F3FAE7 /* EnergyCommon.swift in Sources */ = {isa = PBXBuildFile; fileRef = 25817E2925BB0640005DD297 /* EnergyCommon.swift */; };
		25B1C94B2894009300F3FAE7 /* MeasurementValue.swift in Sources */ = {isa = PBXBuildFile; fileRef = 255A9C162539B2A70043944F /* MeasurementValue.swift */; };
		25B1C94D2894038B00F3FAE7 /* MeasurementValueViewModel.swift in Sources */ = {isa = PBXBuildFile; fileRef = 25B1C94C2894038B00F3FAE7 /* MeasurementValueViewModel.swift */; };
		25B43A4125DA80600022BF2C /* EnergySmallEntryView.swift in Sources */ = {isa = PBXBuildFile; fileRef = 25B43A4025DA80600022BF2C /* EnergySmallEntryView.swift */; };
		25B43A4B25DA83390022BF2C /* EnergySmallEntry.swift in Sources */ = {isa = PBXBuildFile; fileRef = 25B43A4A25DA83390022BF2C /* EnergySmallEntry.swift */; };
		25B43A5725DA85D40022BF2C /* EnergySmallWidget.swift in Sources */ = {isa = PBXBuildFile; fileRef = 25B43A5625DA85D40022BF2C /* EnergySmallWidget.swift */; };
		25B43A5E25DA865A0022BF2C /* EnergySmallTimeLineProvider.swift in Sources */ = {isa = PBXBuildFile; fileRef = 25B43A5D25DA865A0022BF2C /* EnergySmallTimeLineProvider.swift */; };
		25B43A6525DA8C060022BF2C /* EnergyMediumEntryView.swift in Sources */ = {isa = PBXBuildFile; fileRef = 25B43A6425DA8C060022BF2C /* EnergyMediumEntryView.swift */; };
		25BC036C25B1AF7800005D24 /* WidgetFamily.swift in Sources */ = {isa = PBXBuildFile; fileRef = 25BC036B25B1AF7800005D24 /* WidgetFamily.swift */; };
		25BC037825B1C38900005D24 /* IndicatorPlaceholderView.swift in Sources */ = {isa = PBXBuildFile; fileRef = 25BC037725B1C38900005D24 /* IndicatorPlaceholderView.swift */; };
		25BC037F25B1C7D800005D24 /* IndicatorEntryView.swift in Sources */ = {isa = PBXBuildFile; fileRef = 25BC037E25B1C7D800005D24 /* IndicatorEntryView.swift */; };
		25BC038625B1C85800005D24 /* IndicatorWidget.swift in Sources */ = {isa = PBXBuildFile; fileRef = 25BC038525B1C85800005D24 /* IndicatorWidget.swift */; };
		25E9C19B21FB11AA00731F58 /* FavoritesInterfaceController.swift in Sources */ = {isa = PBXBuildFile; fileRef = 25E9C19A21FB11AA00731F58 /* FavoritesInterfaceController.swift */; };
		25EB1D4E2046C3F800AF340B /* MeasurementPropertyKey.swift in Sources */ = {isa = PBXBuildFile; fileRef = 25EB1D4D2046C3F800AF340B /* MeasurementPropertyKey.swift */; };
		AA425AD0201E21A8001FA571 /* MeasurementTableViewController.swift in Sources */ = {isa = PBXBuildFile; fileRef = AA425ACF201E21A8001FA571 /* MeasurementTableViewController.swift */; };
		AA425AD4201E603D001FA571 /* Measurement.swift in Sources */ = {isa = PBXBuildFile; fileRef = AA425AD3201E603D001FA571 /* Measurement.swift */; };
		AA43F50F1FDA6A5E00C879E0 /* AppDelegate.swift in Sources */ = {isa = PBXBuildFile; fileRef = AA43F50E1FDA6A5E00C879E0 /* AppDelegate.swift */; };
		AA43F5141FDA6A5E00C879E0 /* Main.storyboard in Resources */ = {isa = PBXBuildFile; fileRef = AA43F5121FDA6A5E00C879E0 /* Main.storyboard */; };
		AA43F5161FDA6A5E00C879E0 /* Assets.xcassets in Resources */ = {isa = PBXBuildFile; fileRef = AA43F5151FDA6A5E00C879E0 /* Assets.xcassets */; };
		AA43F5191FDA6A5E00C879E0 /* LaunchScreen.storyboard in Resources */ = {isa = PBXBuildFile; fileRef = AA43F5171FDA6A5E00C879E0 /* LaunchScreen.storyboard */; };
		AA43F51E1FDA6A5E00C879E0 /* GridVis Companion.app in Embed Watch Content */ = {isa = PBXBuildFile; fileRef = AA43F51D1FDA6A5E00C879E0 /* GridVis Companion.app */; platformFilter = ios; };
		AA43F5241FDA6A5E00C879E0 /* Interface.storyboard in Resources */ = {isa = PBXBuildFile; fileRef = AA43F5221FDA6A5E00C879E0 /* Interface.storyboard */; };
		AA43F5261FDA6A5E00C879E0 /* Assets.xcassets in Resources */ = {isa = PBXBuildFile; fileRef = AA43F5251FDA6A5E00C879E0 /* Assets.xcassets */; };
		AA43F52D1FDA6A5E00C879E0 /* JanOnVal WatchKit Extension.appex in Embed App Extensions */ = {isa = PBXBuildFile; fileRef = AA43F52C1FDA6A5E00C879E0 /* JanOnVal WatchKit Extension.appex */; settings = {ATTRIBUTES = (RemoveHeadersOnCopy, ); }; };
		AA43F5321FDA6A5E00C879E0 /* InterfaceController.swift in Sources */ = {isa = PBXBuildFile; fileRef = AA43F5311FDA6A5E00C879E0 /* InterfaceController.swift */; };
		AA43F5361FDA6A5E00C879E0 /* Assets.xcassets in Resources */ = {isa = PBXBuildFile; fileRef = AA43F5351FDA6A5E00C879E0 /* Assets.xcassets */; };
		AA4F10A6201B534000DDA380 /* DevicesViewController.swift in Sources */ = {isa = PBXBuildFile; fileRef = AA4F10A5201B534000DDA380 /* DevicesViewController.swift */; };
		AA4F10A8201B561300DDA380 /* Device.swift in Sources */ = {isa = PBXBuildFile; fileRef = AA4F10A7201B561300DDA380 /* Device.swift */; };
		AA665222201B78F800E63CC1 /* ServerViewController.swift in Sources */ = {isa = PBXBuildFile; fileRef = AA665221201B78F800E63CC1 /* ServerViewController.swift */; };
		AA665224201B7AF400E63CC1 /* AppModel.swift in Sources */ = {isa = PBXBuildFile; fileRef = AA665223201B7AF400E63CC1 /* AppModel.swift */; };
		AA9A778221A7E4B0003B6045 /* ChartsInterfaceController.swift in Sources */ = {isa = PBXBuildFile; fileRef = AA9A778121A7E4B0003B6045 /* ChartsInterfaceController.swift */; };
		AAC370E62015C8E800132087 /* ConnectivityHandler.swift in Sources */ = {isa = PBXBuildFile; fileRef = AAC370E52015C8E800132087 /* ConnectivityHandler.swift */; };
/* End PBXBuildFile section */

/* Begin PBXContainerItemProxy section */
		254DF653251DB734003CED3A /* PBXContainerItemProxy */ = {
			isa = PBXContainerItemProxy;
			containerPortal = AA43F5031FDA6A5E00C879E0 /* Project object */;
			proxyType = 1;
			remoteGlobalIDString = 254DF649251DB734003CED3A;
			remoteInfo = GriCoWidgetExtension;
		};
		254F31022529071500E4AD12 /* PBXContainerItemProxy */ = {
			isa = PBXContainerItemProxy;
			containerPortal = AA43F5031FDA6A5E00C879E0 /* Project object */;
			proxyType = 1;
			remoteGlobalIDString = 254F30EB2529071400E4AD12;
			remoteInfo = WidgetsIntensExtension;
		};
		AA43F51F1FDA6A5E00C879E0 /* PBXContainerItemProxy */ = {
			isa = PBXContainerItemProxy;
			containerPortal = AA43F5031FDA6A5E00C879E0 /* Project object */;
			proxyType = 1;
			remoteGlobalIDString = AA43F51C1FDA6A5E00C879E0;
			remoteInfo = "JanOnVal WatchKit App";
		};
		AA43F52E1FDA6A5E00C879E0 /* PBXContainerItemProxy */ = {
			isa = PBXContainerItemProxy;
			containerPortal = AA43F5031FDA6A5E00C879E0 /* Project object */;
			proxyType = 1;
			remoteGlobalIDString = AA43F52B1FDA6A5E00C879E0;
			remoteInfo = "JanOnVal WatchKit Extension";
		};
/* End PBXContainerItemProxy section */

/* Begin PBXCopyFilesBuildPhase section */
		254DF659251DB734003CED3A /* Embed App Extensions */ = {
			isa = PBXCopyFilesBuildPhase;
			buildActionMask = 2147483647;
			dstPath = "";
			dstSubfolderSpec = 13;
			files = (
				254DF655251DB734003CED3A /* GriCoWidgetExtension.appex in Embed App Extensions */,
				254F31042529071500E4AD12 /* WidgetsIntensExtension.appex in Embed App Extensions */,
			);
			name = "Embed App Extensions";
			runOnlyForDeploymentPostprocessing = 0;
		};
		AA43F53D1FDA6A5E00C879E0 /* Embed App Extensions */ = {
			isa = PBXCopyFilesBuildPhase;
			buildActionMask = 2147483647;
			dstPath = "";
			dstSubfolderSpec = 13;
			files = (
				AA43F52D1FDA6A5E00C879E0 /* JanOnVal WatchKit Extension.appex in Embed App Extensions */,
			);
			name = "Embed App Extensions";
			runOnlyForDeploymentPostprocessing = 0;
		};
		AA43F5411FDA6A5E00C879E0 /* Embed Watch Content */ = {
			isa = PBXCopyFilesBuildPhase;
			buildActionMask = 2147483647;
			dstPath = "$(CONTENTS_FOLDER_PATH)/Watch";
			dstSubfolderSpec = 16;
			files = (
				AA43F51E1FDA6A5E00C879E0 /* GridVis Companion.app in Embed Watch Content */,
			);
			name = "Embed Watch Content";
			runOnlyForDeploymentPostprocessing = 0;
		};
/* End PBXCopyFilesBuildPhase section */

/* Begin PBXFileReference section */
		250655BC2039F5A300B32CC6 /* ComplicationController.swift */ = {isa = PBXFileReference; lastKnownFileType = sourcecode.swift; path = ComplicationController.swift; sourceTree = "<group>"; };
		2514EAEC25DAD9800009D947 /* FirstWidgetView.swift */ = {isa = PBXFileReference; lastKnownFileType = sourcecode.swift; path = FirstWidgetView.swift; sourceTree = "<group>"; };
		2514EAF825DADA720009D947 /* SecondWidgetView.swift */ = {isa = PBXFileReference; lastKnownFileType = sourcecode.swift; path = SecondWidgetView.swift; sourceTree = "<group>"; };
		2517245020361E71000C5EEA /* MeasurementDetailViewController.swift */ = {isa = PBXFileReference; lastKnownFileType = sourcecode.swift; path = MeasurementDetailViewController.swift; sourceTree = "<group>"; };
		251724522036B19D000C5EEA /* PickerData.swift */ = {isa = PBXFileReference; lastKnownFileType = sourcecode.swift; path = PickerData.swift; sourceTree = "<group>"; };
		251A10C025271B6900EB9529 /* Intents.intentdefinition */ = {isa = PBXFileReference; lastKnownFileType = file.intentdefinition; path = Intents.intentdefinition; sourceTree = "<group>"; };
		251B58DB219B4DC0004E4EAF /* MeasurementInfoIC.swift */ = {isa = PBXFileReference; lastKnownFileType = sourcecode.swift; path = MeasurementInfoIC.swift; sourceTree = "<group>"; };
		251D8F6225DAC26F005A821B /* EnergyMediumPlaceholderView.swift */ = {isa = PBXFileReference; lastKnownFileType = sourcecode.swift; path = EnergyMediumPlaceholderView.swift; sourceTree = "<group>"; };
		251D8F6925DAC6C1005A821B /* EnergyValueManager.swift */ = {isa = PBXFileReference; lastKnownFileType = sourcecode.swift; path = EnergyValueManager.swift; sourceTree = "<group>"; };
		25258B5621DD2E6900579FF9 /* SelectedMeasurementViewController.swift */ = {isa = PBXFileReference; lastKnownFileType = sourcecode.swift; path = SelectedMeasurementViewController.swift; sourceTree = "<group>"; };
		252C87E4203CA3BA002E6CDF /* HistDetailInterfaceController.swift */ = {isa = PBXFileReference; lastKnownFileType = sourcecode.swift; path = HistDetailInterfaceController.swift; sourceTree = "<group>"; };
		252E17C425B19ABC00975F06 /* IndicatorTimeLineProvider.swift */ = {isa = PBXFileReference; lastKnownFileType = sourcecode.swift; path = IndicatorTimeLineProvider.swift; sourceTree = "<group>"; };
		252E17CB25B19C3300975F06 /* IndicatorEntry.swift */ = {isa = PBXFileReference; lastKnownFileType = sourcecode.swift; path = IndicatorEntry.swift; sourceTree = "<group>"; };
		254DF5F7251DB312003CED3A /* WidgetKit.framework */ = {isa = PBXFileReference; lastKnownFileType = wrapper.framework; name = WidgetKit.framework; path = System/Library/Frameworks/WidgetKit.framework; sourceTree = SDKROOT; };
		254DF5F9251DB312003CED3A /* SwiftUI.framework */ = {isa = PBXFileReference; lastKnownFileType = wrapper.framework; name = SwiftUI.framework; path = System/Library/Frameworks/SwiftUI.framework; sourceTree = SDKROOT; };
		254DF64A251DB734003CED3A /* GriCoWidgetExtension.appex */ = {isa = PBXFileReference; explicitFileType = "wrapper.app-extension"; includeInIndex = 0; path = GriCoWidgetExtension.appex; sourceTree = BUILT_PRODUCTS_DIR; };
		254DF650251DB734003CED3A /* Assets.xcassets */ = {isa = PBXFileReference; lastKnownFileType = folder.assetcatalog; path = Assets.xcassets; sourceTree = "<group>"; };
		254DF652251DB734003CED3A /* Info.plist */ = {isa = PBXFileReference; lastKnownFileType = text.plist.xml; path = Info.plist; sourceTree = "<group>"; };
		254DFD76203E102C0067E0A4 /* RequestUtil.swift */ = {isa = PBXFileReference; lastKnownFileType = sourcecode.swift; path = RequestUtil.swift; sourceTree = "<group>"; };
		254F30EC2529071400E4AD12 /* WidgetsIntensExtension.appex */ = {isa = PBXFileReference; explicitFileType = "wrapper.app-extension"; includeInIndex = 0; path = WidgetsIntensExtension.appex; sourceTree = BUILT_PRODUCTS_DIR; };
		254F30EE2529071400E4AD12 /* IntentHandler.swift */ = {isa = PBXFileReference; lastKnownFileType = sourcecode.swift; path = IntentHandler.swift; sourceTree = "<group>"; };
		254F30F02529071400E4AD12 /* Info.plist */ = {isa = PBXFileReference; lastKnownFileType = text.plist.xml; path = Info.plist; sourceTree = "<group>"; };
		254F30F62529071500E4AD12 /* IntentsUI.framework */ = {isa = PBXFileReference; lastKnownFileType = wrapper.framework; name = IntentsUI.framework; path = System/Library/Frameworks/IntentsUI.framework; sourceTree = SDKROOT; };
		254F31772529177800E4AD12 /* WidgetsIntensExtension.entitlements */ = {isa = PBXFileReference; lastKnownFileType = text.plist.entitlements; path = WidgetsIntensExtension.entitlements; sourceTree = "<group>"; };
		2554BEEB21F1B5B60091DC95 /* DevicePropertyKey.swift */ = {isa = PBXFileReference; lastKnownFileType = sourcecode.swift; path = DevicePropertyKey.swift; sourceTree = "<group>"; };
		2557962721D0A27A00FCAFAC /* ValueType.swift */ = {isa = PBXFileReference; lastKnownFileType = sourcecode.swift; path = ValueType.swift; sourceTree = "<group>"; };
		255970E127AD3BC200251AEC /* ChartMediumEntryView.swift */ = {isa = PBXFileReference; lastKnownFileType = sourcecode.swift; path = ChartMediumEntryView.swift; sourceTree = "<group>"; };
		255970E327AD3D3A00251AEC /* ChartMediumPlaceholderView.swift */ = {isa = PBXFileReference; lastKnownFileType = sourcecode.swift; path = ChartMediumPlaceholderView.swift; sourceTree = "<group>"; };
		255970E627AD44A400251AEC /* ChartMediumEntry.swift */ = {isa = PBXFileReference; lastKnownFileType = sourcecode.swift; path = ChartMediumEntry.swift; sourceTree = "<group>"; };
		255A9C162539B2A70043944F /* MeasurementValue.swift */ = {isa = PBXFileReference; lastKnownFileType = sourcecode.swift; name = MeasurementValue.swift; path = ../GriCoWidget/MeasurementValue.swift; sourceTree = "<group>"; };
		255A9C1D2539B4360043944F /* MeasurementValueManager.swift */ = {isa = PBXFileReference; lastKnownFileType = sourcecode.swift; path = MeasurementValueManager.swift; sourceTree = "<group>"; };
		256DE29C20248C0C000D2549 /* AppTabBarController.swift */ = {isa = PBXFileReference; lastKnownFileType = sourcecode.swift; path = AppTabBarController.swift; sourceTree = "<group>"; };
		256DE29E202729A2000D2549 /* MeasurementRowType.swift */ = {isa = PBXFileReference; lastKnownFileType = sourcecode.swift; path = MeasurementRowType.swift; sourceTree = "<group>"; };
		256DECC0290BD40A00001DC9 /* IndicatorInlineEntryView.swift */ = {isa = PBXFileReference; lastKnownFileType = sourcecode.swift; path = IndicatorInlineEntryView.swift; sourceTree = "<group>"; };
		2579BD3325DA908200DE1F2C /* EnergyMediumEntry.swift */ = {isa = PBXFileReference; lastKnownFileType = sourcecode.swift; path = EnergyMediumEntry.swift; sourceTree = "<group>"; };
		2579BD3A25DA927700DE1F2C /* EnergyMediumTimeLineProvider.swift */ = {isa = PBXFileReference; lastKnownFileType = sourcecode.swift; path = EnergyMediumTimeLineProvider.swift; sourceTree = "<group>"; };
		2579BD4125DA929400DE1F2C /* EnergyMediumWidget.swift */ = {isa = PBXFileReference; lastKnownFileType = sourcecode.swift; path = EnergyMediumWidget.swift; sourceTree = "<group>"; };
		25817E1B25BB0075005DD297 /* EnergySmallPlaceholderView.swift */ = {isa = PBXFileReference; lastKnownFileType = sourcecode.swift; path = EnergySmallPlaceholderView.swift; sourceTree = "<group>"; };
		25817E2925BB0640005DD297 /* EnergyCommon.swift */ = {isa = PBXFileReference; lastKnownFileType = sourcecode.swift; name = EnergyCommon.swift; path = ../GriCoWidget/EnergyCommon.swift; sourceTree = "<group>"; };
		2582DDB82B1B8BA7007CF9E5 /* LineChart.swift */ = {isa = PBXFileReference; lastKnownFileType = sourcecode.swift; path = LineChart.swift; sourceTree = "<group>"; };
		2582DDBA2B1BA15D007CF9E5 /* ChartData.swift */ = {isa = PBXFileReference; lastKnownFileType = sourcecode.swift; path = ChartData.swift; sourceTree = "<group>"; };
		2582DDBC2B1BB3D6007CF9E5 /* ChartDataSeries.swift */ = {isa = PBXFileReference; lastKnownFileType = sourcecode.swift; path = ChartDataSeries.swift; sourceTree = "<group>"; };
		2587B98B2387DE5300A030EC /* JanOnVal.entitlements */ = {isa = PBXFileReference; lastKnownFileType = text.plist.entitlements; path = JanOnVal.entitlements; sourceTree = "<group>"; };
		2587F6C9203DEE89003DC730 /* HistMeasurementRowType.swift */ = {isa = PBXFileReference; lastKnownFileType = sourcecode.swift; path = HistMeasurementRowType.swift; sourceTree = "<group>"; };
		259517842387FF8700136885 /* JanOnVal WatchKit Extension.entitlements */ = {isa = PBXFileReference; lastKnownFileType = text.plist.entitlements; path = "JanOnVal WatchKit Extension.entitlements"; sourceTree = "<group>"; };
		25952C08203DF83500B0AA33 /* TableUtil.swift */ = {isa = PBXFileReference; lastKnownFileType = sourcecode.swift; path = TableUtil.swift; sourceTree = "<group>"; };
		2596201E26CFAC0000983017 /* GriCoWidgetExtension.entitlements */ = {isa = PBXFileReference; lastKnownFileType = text.plist.entitlements; path = GriCoWidgetExtension.entitlements; sourceTree = "<group>"; };
		2598BC6A2028DF20000D646B /* de */ = {isa = PBXFileReference; lastKnownFileType = text.plist.strings; name = de; path = de.lproj/Main.strings; sourceTree = "<group>"; };
		2598BC6B2028DF20000D646B /* de */ = {isa = PBXFileReference; lastKnownFileType = text.plist.strings; name = de; path = de.lproj/LaunchScreen.strings; sourceTree = "<group>"; };
		2598BC6C2028DF20000D646B /* de */ = {isa = PBXFileReference; lastKnownFileType = text.plist.strings; name = de; path = de.lproj/Interface.strings; sourceTree = "<group>"; };
		259A9445220D66A40085A387 /* OptionsInterfaceController.swift */ = {isa = PBXFileReference; lastKnownFileType = sourcecode.swift; path = OptionsInterfaceController.swift; sourceTree = "<group>"; };
		259BF9FF290BDDFA00FB13E4 /* IndicatorRectangularEntryView.swift */ = {isa = PBXFileReference; lastKnownFileType = sourcecode.swift; path = IndicatorRectangularEntryView.swift; sourceTree = "<group>"; };
		259BFA01290D188800FB13E4 /* IndicatorCircularEntryView.swift */ = {isa = PBXFileReference; lastKnownFileType = sourcecode.swift; path = IndicatorCircularEntryView.swift; sourceTree = "<group>"; };
		259BFA03290E7D6300FB13E4 /* EnergySmallInlineEntryView.swift */ = {isa = PBXFileReference; lastKnownFileType = sourcecode.swift; path = EnergySmallInlineEntryView.swift; sourceTree = "<group>"; };
		259BFA05290E7F6100FB13E4 /* EnergySmallRectangularEntryView.swift */ = {isa = PBXFileReference; lastKnownFileType = sourcecode.swift; path = EnergySmallRectangularEntryView.swift; sourceTree = "<group>"; };
		259BFA07290E88C900FB13E4 /* EnergySmallCircularEntryView.swift */ = {isa = PBXFileReference; lastKnownFileType = sourcecode.swift; path = EnergySmallCircularEntryView.swift; sourceTree = "<group>"; };
		25A48976289D08CF00574C9C /* CloudKit.framework */ = {isa = PBXFileReference; lastKnownFileType = wrapper.framework; name = CloudKit.framework; path = System/Library/Frameworks/CloudKit.framework; sourceTree = SDKROOT; };
		25A789A3208C753100A4BDE0 /* OnlineMeasurementBig.swift */ = {isa = PBXFileReference; lastKnownFileType = sourcecode.swift; path = OnlineMeasurementBig.swift; sourceTree = "<group>"; };
		25B1C93B2893E73200F3FAE7 /* ValuesScreen.swift */ = {isa = PBXFileReference; lastKnownFileType = sourcecode.swift; path = ValuesScreen.swift; sourceTree = "<group>"; };
		25B1C94C2894038B00F3FAE7 /* MeasurementValueViewModel.swift */ = {isa = PBXFileReference; lastKnownFileType = sourcecode.swift; path = MeasurementValueViewModel.swift; sourceTree = "<group>"; };
		25B43A4025DA80600022BF2C /* EnergySmallEntryView.swift */ = {isa = PBXFileReference; lastKnownFileType = sourcecode.swift; path = EnergySmallEntryView.swift; sourceTree = "<group>"; };
		25B43A4A25DA83390022BF2C /* EnergySmallEntry.swift */ = {isa = PBXFileReference; lastKnownFileType = sourcecode.swift; path = EnergySmallEntry.swift; sourceTree = "<group>"; };
		25B43A5625DA85D40022BF2C /* EnergySmallWidget.swift */ = {isa = PBXFileReference; lastKnownFileType = sourcecode.swift; path = EnergySmallWidget.swift; sourceTree = "<group>"; };
		25B43A5D25DA865A0022BF2C /* EnergySmallTimeLineProvider.swift */ = {isa = PBXFileReference; lastKnownFileType = sourcecode.swift; path = EnergySmallTimeLineProvider.swift; sourceTree = "<group>"; };
		25B43A6425DA8C060022BF2C /* EnergyMediumEntryView.swift */ = {isa = PBXFileReference; lastKnownFileType = sourcecode.swift; path = EnergyMediumEntryView.swift; sourceTree = "<group>"; };
		25BC036B25B1AF7800005D24 /* WidgetFamily.swift */ = {isa = PBXFileReference; lastKnownFileType = sourcecode.swift; path = WidgetFamily.swift; sourceTree = "<group>"; };
		25BC037725B1C38900005D24 /* IndicatorPlaceholderView.swift */ = {isa = PBXFileReference; lastKnownFileType = sourcecode.swift; path = IndicatorPlaceholderView.swift; sourceTree = "<group>"; };
		25BC037E25B1C7D800005D24 /* IndicatorEntryView.swift */ = {isa = PBXFileReference; lastKnownFileType = sourcecode.swift; path = IndicatorEntryView.swift; sourceTree = "<group>"; };
		25BC038525B1C85800005D24 /* IndicatorWidget.swift */ = {isa = PBXFileReference; lastKnownFileType = sourcecode.swift; path = IndicatorWidget.swift; sourceTree = "<group>"; };
		25E9C19A21FB11AA00731F58 /* FavoritesInterfaceController.swift */ = {isa = PBXFileReference; lastKnownFileType = sourcecode.swift; path = FavoritesInterfaceController.swift; sourceTree = "<group>"; };
		25EB1D4D2046C3F800AF340B /* MeasurementPropertyKey.swift */ = {isa = PBXFileReference; lastKnownFileType = sourcecode.swift; path = MeasurementPropertyKey.swift; sourceTree = "<group>"; };
		25EF37B4238A7D390058E38F /* JanOnValDebug.entitlements */ = {isa = PBXFileReference; lastKnownFileType = text.plist.entitlements; path = JanOnValDebug.entitlements; sourceTree = "<group>"; };
		25FF048D237EBD04006AE159 /* PushNotificationPayload.apns */ = {isa = PBXFileReference; lastKnownFileType = text; name = PushNotificationPayload.apns; path = test_apns/PushNotificationPayload.apns; sourceTree = "<group>"; };
		AA425ACF201E21A8001FA571 /* MeasurementTableViewController.swift */ = {isa = PBXFileReference; lastKnownFileType = sourcecode.swift; path = MeasurementTableViewController.swift; sourceTree = "<group>"; };
		AA425AD3201E603D001FA571 /* Measurement.swift */ = {isa = PBXFileReference; lastKnownFileType = sourcecode.swift; path = Measurement.swift; sourceTree = "<group>"; };
		AA43F50B1FDA6A5E00C879E0 /* GriCo.app */ = {isa = PBXFileReference; explicitFileType = wrapper.application; includeInIndex = 0; path = GriCo.app; sourceTree = BUILT_PRODUCTS_DIR; };
		AA43F50E1FDA6A5E00C879E0 /* AppDelegate.swift */ = {isa = PBXFileReference; lastKnownFileType = sourcecode.swift; path = AppDelegate.swift; sourceTree = "<group>"; };
		AA43F5131FDA6A5E00C879E0 /* Base */ = {isa = PBXFileReference; lastKnownFileType = file.storyboard; name = Base; path = Base.lproj/Main.storyboard; sourceTree = "<group>"; };
		AA43F5151FDA6A5E00C879E0 /* Assets.xcassets */ = {isa = PBXFileReference; lastKnownFileType = folder.assetcatalog; path = Assets.xcassets; sourceTree = "<group>"; };
		AA43F5181FDA6A5E00C879E0 /* Base */ = {isa = PBXFileReference; lastKnownFileType = file.storyboard; name = Base; path = Base.lproj/LaunchScreen.storyboard; sourceTree = "<group>"; };
		AA43F51A1FDA6A5E00C879E0 /* Info.plist */ = {isa = PBXFileReference; lastKnownFileType = text.plist.xml; path = Info.plist; sourceTree = "<group>"; };
		AA43F51D1FDA6A5E00C879E0 /* GridVis Companion.app */ = {isa = PBXFileReference; explicitFileType = wrapper.application; includeInIndex = 0; path = "GridVis Companion.app"; sourceTree = BUILT_PRODUCTS_DIR; };
		AA43F5231FDA6A5E00C879E0 /* Base */ = {isa = PBXFileReference; lastKnownFileType = file.storyboard; name = Base; path = Base.lproj/Interface.storyboard; sourceTree = "<group>"; };
		AA43F5251FDA6A5E00C879E0 /* Assets.xcassets */ = {isa = PBXFileReference; lastKnownFileType = folder.assetcatalog; path = Assets.xcassets; sourceTree = "<group>"; };
		AA43F5271FDA6A5E00C879E0 /* Info.plist */ = {isa = PBXFileReference; lastKnownFileType = text.plist.xml; path = Info.plist; sourceTree = "<group>"; };
		AA43F52C1FDA6A5E00C879E0 /* JanOnVal WatchKit Extension.appex */ = {isa = PBXFileReference; explicitFileType = "wrapper.app-extension"; includeInIndex = 0; path = "JanOnVal WatchKit Extension.appex"; sourceTree = BUILT_PRODUCTS_DIR; };
		AA43F5311FDA6A5E00C879E0 /* InterfaceController.swift */ = {isa = PBXFileReference; lastKnownFileType = sourcecode.swift; path = InterfaceController.swift; sourceTree = "<group>"; };
		AA43F5351FDA6A5E00C879E0 /* Assets.xcassets */ = {isa = PBXFileReference; lastKnownFileType = folder.assetcatalog; path = Assets.xcassets; sourceTree = "<group>"; };
		AA43F5371FDA6A5E00C879E0 /* Info.plist */ = {isa = PBXFileReference; lastKnownFileType = text.plist.xml; path = Info.plist; sourceTree = "<group>"; };
		AA4F10A5201B534000DDA380 /* DevicesViewController.swift */ = {isa = PBXFileReference; lastKnownFileType = sourcecode.swift; path = DevicesViewController.swift; sourceTree = "<group>"; };
		AA4F10A7201B561300DDA380 /* Device.swift */ = {isa = PBXFileReference; lastKnownFileType = sourcecode.swift; path = Device.swift; sourceTree = "<group>"; };
		AA665221201B78F800E63CC1 /* ServerViewController.swift */ = {isa = PBXFileReference; lastKnownFileType = sourcecode.swift; path = ServerViewController.swift; sourceTree = "<group>"; };
		AA665223201B7AF400E63CC1 /* AppModel.swift */ = {isa = PBXFileReference; lastKnownFileType = sourcecode.swift; path = AppModel.swift; sourceTree = "<group>"; };
		AA9A778121A7E4B0003B6045 /* ChartsInterfaceController.swift */ = {isa = PBXFileReference; lastKnownFileType = sourcecode.swift; path = ChartsInterfaceController.swift; sourceTree = "<group>"; };
		AAC370E52015C8E800132087 /* ConnectivityHandler.swift */ = {isa = PBXFileReference; lastKnownFileType = sourcecode.swift; path = ConnectivityHandler.swift; sourceTree = "<group>"; };
/* End PBXFileReference section */

/* Begin PBXFrameworksBuildPhase section */
		254DF647251DB734003CED3A /* Frameworks */ = {
			isa = PBXFrameworksBuildPhase;
			buildActionMask = 2147483647;
			files = (
				254DF64C251DB734003CED3A /* SwiftUI.framework in Frameworks */,
				254DF64B251DB734003CED3A /* WidgetKit.framework in Frameworks */,
			);
			runOnlyForDeploymentPostprocessing = 0;
		};
		254F30E92529071400E4AD12 /* Frameworks */ = {
			isa = PBXFrameworksBuildPhase;
			buildActionMask = 2147483647;
			files = (
			);
			runOnlyForDeploymentPostprocessing = 0;
		};
		48CBFAAD5A7E3487726ED26F /* Frameworks */ = {
			isa = PBXFrameworksBuildPhase;
			buildActionMask = 2147483647;
			files = (
			);
			runOnlyForDeploymentPostprocessing = 0;
		};
		AA43F5081FDA6A5E00C879E0 /* Frameworks */ = {
			isa = PBXFrameworksBuildPhase;
			buildActionMask = 2147483647;
			files = (
				25A48977289D08CF00574C9C /* CloudKit.framework in Frameworks */,
			);
			runOnlyForDeploymentPostprocessing = 0;
		};
		AA43F5291FDA6A5E00C879E0 /* Frameworks */ = {
			isa = PBXFrameworksBuildPhase;
			buildActionMask = 2147483647;
			files = (
			);
			runOnlyForDeploymentPostprocessing = 0;
		};
/* End PBXFrameworksBuildPhase section */

/* Begin PBXGroup section */
		1423E64F63956BF8D73D0090 /* Frameworks */ = {
			isa = PBXGroup;
			children = (
				25A48976289D08CF00574C9C /* CloudKit.framework */,
				254DF5F7251DB312003CED3A /* WidgetKit.framework */,
				254DF5F9251DB312003CED3A /* SwiftUI.framework */,
				254F30F62529071500E4AD12 /* IntentsUI.framework */,
			);
			name = Frameworks;
			sourceTree = "<group>";
		};
		254DF64D251DB734003CED3A /* GriCoWidget */ = {
			isa = PBXGroup;
			children = (
				25E013ED253779F400723455 /* Widgets */,
				254DF650251DB734003CED3A /* Assets.xcassets */,
				254DF652251DB734003CED3A /* Info.plist */,
				251A10C025271B6900EB9529 /* Intents.intentdefinition */,
			);
			path = GriCoWidget;
			sourceTree = "<group>";
		};
		254F30ED2529071400E4AD12 /* WidgetsIntensExtension */ = {
			isa = PBXGroup;
			children = (
				254F31772529177800E4AD12 /* WidgetsIntensExtension.entitlements */,
				254F30EE2529071400E4AD12 /* IntentHandler.swift */,
				254F30F02529071400E4AD12 /* Info.plist */,
			);
			path = WidgetsIntensExtension;
			sourceTree = "<group>";
		};
		255970DC27AD34E200251AEC /* ChartWidget */ = {
			isa = PBXGroup;
			children = (
				255970DF27AD396900251AEC /* medium */,
				255970DE27AD395E00251AEC /* services */,
				255970DD27AD395700251AEC /* models */,
			);
			name = ChartWidget;
			sourceTree = "<group>";
		};
		255970DD27AD395700251AEC /* models */ = {
			isa = PBXGroup;
			children = (
			);
			name = models;
			sourceTree = "<group>";
		};
		255970DE27AD395E00251AEC /* services */ = {
			isa = PBXGroup;
			children = (
			);
			name = services;
			sourceTree = "<group>";
		};
		255970DF27AD396900251AEC /* medium */ = {
			isa = PBXGroup;
			children = (
				255970E527AD448A00251AEC /* widget */,
				255970E027AD3B3500251AEC /* views */,
			);
			name = medium;
			sourceTree = "<group>";
		};
		255970E027AD3B3500251AEC /* views */ = {
			isa = PBXGroup;
			children = (
				255970E127AD3BC200251AEC /* ChartMediumEntryView.swift */,
				255970E327AD3D3A00251AEC /* ChartMediumPlaceholderView.swift */,
			);
			name = views;
			sourceTree = "<group>";
		};
		255970E527AD448A00251AEC /* widget */ = {
			isa = PBXGroup;
			children = (
				255970E627AD44A400251AEC /* ChartMediumEntry.swift */,
			);
			name = widget;
			sourceTree = "<group>";
		};
		25817E1725BAFDA1005DD297 /* small */ = {
			isa = PBXGroup;
			children = (
				25B43A4725DA82000022BF2C /* widget */,
				25817E2725BB00EB005DD297 /* models */,
				25817E1A25BAFF4A005DD297 /* views */,
			);
			name = small;
			sourceTree = "<group>";
		};
		25817E1825BAFDB8005DD297 /* medium */ = {
			isa = PBXGroup;
			children = (
				25B43A4925DA820F0022BF2C /* views */,
				25B43A4825DA82080022BF2C /* widget */,
			);
			name = medium;
			sourceTree = "<group>";
		};
		25817E1925BAFEE8005DD297 /* Services */ = {
			isa = PBXGroup;
			children = (
				251D8F6925DAC6C1005A821B /* EnergyValueManager.swift */,
			);
			name = Services;
			sourceTree = "<group>";
		};
		25817E1A25BAFF4A005DD297 /* views */ = {
			isa = PBXGroup;
			children = (
				25817E1B25BB0075005DD297 /* EnergySmallPlaceholderView.swift */,
				25B43A4025DA80600022BF2C /* EnergySmallEntryView.swift */,
				259BFA03290E7D6300FB13E4 /* EnergySmallInlineEntryView.swift */,
				259BFA05290E7F6100FB13E4 /* EnergySmallRectangularEntryView.swift */,
				259BFA07290E88C900FB13E4 /* EnergySmallCircularEntryView.swift */,
			);
			name = views;
			sourceTree = "<group>";
		};
		25817E2725BB00EB005DD297 /* models */ = {
			isa = PBXGroup;
			children = (
			);
			name = models;
			sourceTree = "<group>";
		};
		25817E2825BB04E4005DD297 /* models */ = {
			isa = PBXGroup;
			children = (
			);
			name = models;
			sourceTree = "<group>";
		};
		25A789A2208C706700A4BDE0 /* row */ = {
			isa = PBXGroup;
			children = (
				256DE29E202729A2000D2549 /* MeasurementRowType.swift */,
				2587F6C9203DEE89003DC730 /* HistMeasurementRowType.swift */,
			);
			path = row;
			sourceTree = "<group>";
		};
		25A789A5208C783700A4BDE0 /* util */ = {
			isa = PBXGroup;
			children = (
				25952C08203DF83500B0AA33 /* TableUtil.swift */,
				254DFD76203E102C0067E0A4 /* RequestUtil.swift */,
			);
			path = util;
			sourceTree = "<group>";
		};
		25B1C93D2893F9E600F3FAE7 /* online_values */ = {
			isa = PBXGroup;
			children = (
				25B1C93B2893E73200F3FAE7 /* ValuesScreen.swift */,
				25817E2925BB0640005DD297 /* EnergyCommon.swift */,
				255A9C162539B2A70043944F /* MeasurementValue.swift */,
				25B1C94C2894038B00F3FAE7 /* MeasurementValueViewModel.swift */,
				2582DDB82B1B8BA7007CF9E5 /* LineChart.swift */,
				2582DDBA2B1BA15D007CF9E5 /* ChartData.swift */,
				2582DDBC2B1BB3D6007CF9E5 /* ChartDataSeries.swift */,
			);
			name = online_values;
			sourceTree = "<group>";
		};
		25B43A4725DA82000022BF2C /* widget */ = {
			isa = PBXGroup;
			children = (
				25B43A4A25DA83390022BF2C /* EnergySmallEntry.swift */,
				25B43A5625DA85D40022BF2C /* EnergySmallWidget.swift */,
				25B43A5D25DA865A0022BF2C /* EnergySmallTimeLineProvider.swift */,
			);
			name = widget;
			sourceTree = "<group>";
		};
		25B43A4825DA82080022BF2C /* widget */ = {
			isa = PBXGroup;
			children = (
				2579BD3325DA908200DE1F2C /* EnergyMediumEntry.swift */,
				2579BD3A25DA927700DE1F2C /* EnergyMediumTimeLineProvider.swift */,
				2579BD4125DA929400DE1F2C /* EnergyMediumWidget.swift */,
			);
			name = widget;
			sourceTree = "<group>";
		};
		25B43A4925DA820F0022BF2C /* views */ = {
			isa = PBXGroup;
			children = (
				25B43A6425DA8C060022BF2C /* EnergyMediumEntryView.swift */,
				251D8F6225DAC26F005A821B /* EnergyMediumPlaceholderView.swift */,
				2514EAEC25DAD9800009D947 /* FirstWidgetView.swift */,
				2514EAF825DADA720009D947 /* SecondWidgetView.swift */,
			);
			name = views;
			sourceTree = "<group>";
		};
		25BC036A25B1AEA000005D24 /* ComparisonWidget */ = {
			isa = PBXGroup;
			children = (
				25817E2825BB04E4005DD297 /* models */,
				25817E1925BAFEE8005DD297 /* Services */,
				25817E1825BAFDB8005DD297 /* medium */,
				25817E1725BAFDA1005DD297 /* small */,
			);
			name = ComparisonWidget;
			sourceTree = "<group>";
		};
		25E013ED253779F400723455 /* Widgets */ = {
			isa = PBXGroup;
			children = (
				255970DC27AD34E200251AEC /* ChartWidget */,
				25BC036A25B1AEA000005D24 /* ComparisonWidget */,
				25E013EE25377A1A00723455 /* IndicatorWidget */,
				25BC036B25B1AF7800005D24 /* WidgetFamily.swift */,
			);
			name = Widgets;
			sourceTree = "<group>";
		};
		25E013EE25377A1A00723455 /* IndicatorWidget */ = {
			isa = PBXGroup;
			children = (
				25E013F225377A9800723455 /* Services */,
				25E013F125377A9100723455 /* Models */,
				25E013F025377A8700723455 /* Widget */,
				25E013EF25377A7700723455 /* Views */,
			);
			name = IndicatorWidget;
			sourceTree = "<group>";
		};
		25E013EF25377A7700723455 /* Views */ = {
			isa = PBXGroup;
			children = (
				25BC037725B1C38900005D24 /* IndicatorPlaceholderView.swift */,
				25BC037E25B1C7D800005D24 /* IndicatorEntryView.swift */,
				256DECC0290BD40A00001DC9 /* IndicatorInlineEntryView.swift */,
				259BF9FF290BDDFA00FB13E4 /* IndicatorRectangularEntryView.swift */,
				259BFA01290D188800FB13E4 /* IndicatorCircularEntryView.swift */,
			);
			name = Views;
			sourceTree = "<group>";
		};
		25E013F025377A8700723455 /* Widget */ = {
			isa = PBXGroup;
			children = (
				252E17C425B19ABC00975F06 /* IndicatorTimeLineProvider.swift */,
				252E17CB25B19C3300975F06 /* IndicatorEntry.swift */,
				25BC038525B1C85800005D24 /* IndicatorWidget.swift */,
			);
			name = Widget;
			sourceTree = "<group>";
		};
		25E013F125377A9100723455 /* Models */ = {
			isa = PBXGroup;
			children = (
			);
			name = Models;
			sourceTree = "<group>";
		};
		25E013F225377A9800723455 /* Services */ = {
			isa = PBXGroup;
			children = (
				255A9C1D2539B4360043944F /* MeasurementValueManager.swift */,
			);
			name = Services;
			sourceTree = "<group>";
		};
		AA425AD2201E601D001FA571 /* model */ = {
			isa = PBXGroup;
			children = (
				AA4F10A7201B561300DDA380 /* Device.swift */,
				AA665223201B7AF400E63CC1 /* AppModel.swift */,
				AA425AD3201E603D001FA571 /* Measurement.swift */,
				251724522036B19D000C5EEA /* PickerData.swift */,
				25EB1D4D2046C3F800AF340B /* MeasurementPropertyKey.swift */,
				2557962721D0A27A00FCAFAC /* ValueType.swift */,
				2554BEEB21F1B5B60091DC95 /* DevicePropertyKey.swift */,
			);
			name = model;
			path = ../../../../Users/amlr/dev/watch/JanOnVal/model;
			sourceTree = DEVELOPER_DIR;
		};
		AA43F5021FDA6A5E00C879E0 = {
			isa = PBXGroup;
			children = (
				2596201E26CFAC0000983017 /* GriCoWidgetExtension.entitlements */,
				AA43F50D1FDA6A5E00C879E0 /* JanOnVal */,
				AA43F5211FDA6A5E00C879E0 /* JanOnVal WatchKit App */,
				AA43F5301FDA6A5E00C879E0 /* JanOnVal WatchKit Extension */,
				254DF64D251DB734003CED3A /* GriCoWidget */,
				254F30ED2529071400E4AD12 /* WidgetsIntensExtension */,
				AA43F50C1FDA6A5E00C879E0 /* Products */,
				1423E64F63956BF8D73D0090 /* Frameworks */,
			);
			sourceTree = "<group>";
		};
		AA43F50C1FDA6A5E00C879E0 /* Products */ = {
			isa = PBXGroup;
			children = (
				AA43F50B1FDA6A5E00C879E0 /* GriCo.app */,
				AA43F51D1FDA6A5E00C879E0 /* GridVis Companion.app */,
				AA43F52C1FDA6A5E00C879E0 /* JanOnVal WatchKit Extension.appex */,
				254DF64A251DB734003CED3A /* GriCoWidgetExtension.appex */,
				254F30EC2529071400E4AD12 /* WidgetsIntensExtension.appex */,
			);
			name = Products;
			sourceTree = "<group>";
		};
		AA43F50D1FDA6A5E00C879E0 /* JanOnVal */ = {
			isa = PBXGroup;
			children = (
				25B1C93D2893F9E600F3FAE7 /* online_values */,
				25EF37B4238A7D390058E38F /* JanOnValDebug.entitlements */,
				2587B98B2387DE5300A030EC /* JanOnVal.entitlements */,
				AA43F50E1FDA6A5E00C879E0 /* AppDelegate.swift */,
				AA43F5121FDA6A5E00C879E0 /* Main.storyboard */,
				AA43F5151FDA6A5E00C879E0 /* Assets.xcassets */,
				AA43F5171FDA6A5E00C879E0 /* LaunchScreen.storyboard */,
				AA43F51A1FDA6A5E00C879E0 /* Info.plist */,
				AAC370E52015C8E800132087 /* ConnectivityHandler.swift */,
				AA4F10A5201B534000DDA380 /* DevicesViewController.swift */,
				AA425AD2201E601D001FA571 /* model */,
				AA665221201B78F800E63CC1 /* ServerViewController.swift */,
				AA425ACF201E21A8001FA571 /* MeasurementTableViewController.swift */,
				256DE29C20248C0C000D2549 /* AppTabBarController.swift */,
				2517245020361E71000C5EEA /* MeasurementDetailViewController.swift */,
				25258B5621DD2E6900579FF9 /* SelectedMeasurementViewController.swift */,
			);
			path = JanOnVal;
			sourceTree = "<group>";
		};
		AA43F5211FDA6A5E00C879E0 /* JanOnVal WatchKit App */ = {
			isa = PBXGroup;
			children = (
				AA43F5221FDA6A5E00C879E0 /* Interface.storyboard */,
				AA43F5251FDA6A5E00C879E0 /* Assets.xcassets */,
				AA43F5271FDA6A5E00C879E0 /* Info.plist */,
			);
			path = "JanOnVal WatchKit App";
			sourceTree = "<group>";
		};
		AA43F5301FDA6A5E00C879E0 /* JanOnVal WatchKit Extension */ = {
			isa = PBXGroup;
			children = (
				259517842387FF8700136885 /* JanOnVal WatchKit Extension.entitlements */,
				AA43F5311FDA6A5E00C879E0 /* InterfaceController.swift */,
				252C87E4203CA3BA002E6CDF /* HistDetailInterfaceController.swift */,
				25A789A3208C753100A4BDE0 /* OnlineMeasurementBig.swift */,
				251B58DB219B4DC0004E4EAF /* MeasurementInfoIC.swift */,
				250655BC2039F5A300B32CC6 /* ComplicationController.swift */,
				AA9A778121A7E4B0003B6045 /* ChartsInterfaceController.swift */,
				25E9C19A21FB11AA00731F58 /* FavoritesInterfaceController.swift */,
				259A9445220D66A40085A387 /* OptionsInterfaceController.swift */,
				AA43F5351FDA6A5E00C879E0 /* Assets.xcassets */,
				AA43F5371FDA6A5E00C879E0 /* Info.plist */,
				25A789A2208C706700A4BDE0 /* row */,
				25A789A5208C783700A4BDE0 /* util */,
				25FF048D237EBD04006AE159 /* PushNotificationPayload.apns */,
			);
			path = "JanOnVal WatchKit Extension";
			sourceTree = "<group>";
		};
/* End PBXGroup section */

/* Begin PBXNativeTarget section */
		254DF649251DB734003CED3A /* GriCoWidgetExtension */ = {
			isa = PBXNativeTarget;
			buildConfigurationList = 254DF656251DB734003CED3A /* Build configuration list for PBXNativeTarget "GriCoWidgetExtension" */;
			buildPhases = (
				254DF646251DB734003CED3A /* Sources */,
				254DF647251DB734003CED3A /* Frameworks */,
				254DF648251DB734003CED3A /* Resources */,
			);
			buildRules = (
			);
			dependencies = (
			);
			name = GriCoWidgetExtension;
			productName = GriCoWidgetExtension;
			productReference = 254DF64A251DB734003CED3A /* GriCoWidgetExtension.appex */;
			productType = "com.apple.product-type.app-extension";
		};
		254F30EB2529071400E4AD12 /* WidgetsIntensExtension */ = {
			isa = PBXNativeTarget;
			buildConfigurationList = 254F310A2529071500E4AD12 /* Build configuration list for PBXNativeTarget "WidgetsIntensExtension" */;
			buildPhases = (
				254F30E82529071400E4AD12 /* Sources */,
				254F30E92529071400E4AD12 /* Frameworks */,
				254F30EA2529071400E4AD12 /* Resources */,
			);
			buildRules = (
			);
			dependencies = (
			);
			name = WidgetsIntensExtension;
			productName = WidgetsIntensExtension;
			productReference = 254F30EC2529071400E4AD12 /* WidgetsIntensExtension.appex */;
			productType = "com.apple.product-type.app-extension";
		};
		AA43F50A1FDA6A5E00C879E0 /* JanOnVal */ = {
			isa = PBXNativeTarget;
			buildConfigurationList = AA43F5421FDA6A5E00C879E0 /* Build configuration list for PBXNativeTarget "JanOnVal" */;
			buildPhases = (
				AA43F5071FDA6A5E00C879E0 /* Sources */,
				AA43F5081FDA6A5E00C879E0 /* Frameworks */,
				AA43F5091FDA6A5E00C879E0 /* Resources */,
				AA43F5411FDA6A5E00C879E0 /* Embed Watch Content */,
				254DF659251DB734003CED3A /* Embed App Extensions */,
			);
			buildRules = (
			);
			dependencies = (
				AA43F5201FDA6A5E00C879E0 /* PBXTargetDependency */,
				254DF654251DB734003CED3A /* PBXTargetDependency */,
				254F31032529071500E4AD12 /* PBXTargetDependency */,
			);
			name = JanOnVal;
			productName = JanOnVal;
			productReference = AA43F50B1FDA6A5E00C879E0 /* GriCo.app */;
			productType = "com.apple.product-type.application";
		};
		AA43F51C1FDA6A5E00C879E0 /* JanOnVal WatchKit App */ = {
			isa = PBXNativeTarget;
			buildConfigurationList = AA43F53E1FDA6A5E00C879E0 /* Build configuration list for PBXNativeTarget "JanOnVal WatchKit App" */;
			buildPhases = (
				AA43F51B1FDA6A5E00C879E0 /* Resources */,
				AA43F53D1FDA6A5E00C879E0 /* Embed App Extensions */,
				48CBFAAD5A7E3487726ED26F /* Frameworks */,
			);
			buildRules = (
			);
			dependencies = (
				AA43F52F1FDA6A5E00C879E0 /* PBXTargetDependency */,
			);
			name = "JanOnVal WatchKit App";
			productName = "JanOnVal WatchKit App";
			productReference = AA43F51D1FDA6A5E00C879E0 /* GridVis Companion.app */;
			productType = "com.apple.product-type.application.watchapp2";
		};
		AA43F52B1FDA6A5E00C879E0 /* JanOnVal WatchKit Extension */ = {
			isa = PBXNativeTarget;
			buildConfigurationList = AA43F53A1FDA6A5E00C879E0 /* Build configuration list for PBXNativeTarget "JanOnVal WatchKit Extension" */;
			buildPhases = (
				AA43F5281FDA6A5E00C879E0 /* Sources */,
				AA43F5291FDA6A5E00C879E0 /* Frameworks */,
				AA43F52A1FDA6A5E00C879E0 /* Resources */,
			);
			buildRules = (
			);
			dependencies = (
			);
			name = "JanOnVal WatchKit Extension";
			productName = "JanOnVal WatchKit Extension";
			productReference = AA43F52C1FDA6A5E00C879E0 /* JanOnVal WatchKit Extension.appex */;
			productType = "com.apple.product-type.watchkit2-extension";
		};
/* End PBXNativeTarget section */

/* Begin PBXProject section */
		AA43F5031FDA6A5E00C879E0 /* Project object */ = {
			isa = PBXProject;
			attributes = {
				LastSwiftUpdateCheck = 1200;
				LastUpgradeCheck = 1250;
				ORGANIZATIONNAME = "Andreas Mueller";
				TargetAttributes = {
					254DF649251DB734003CED3A = {
						CreatedOnToolsVersion = 12.0;
					};
					254F30EB2529071400E4AD12 = {
						CreatedOnToolsVersion = 12.0.1;
					};
					AA43F50A1FDA6A5E00C879E0 = {
						CreatedOnToolsVersion = 9.2;
						LastSwiftMigration = 1160;
					};
					AA43F51C1FDA6A5E00C879E0 = {
						CreatedOnToolsVersion = 9.2;
						ProvisioningStyle = Automatic;
					};
					AA43F52B1FDA6A5E00C879E0 = {
						CreatedOnToolsVersion = 9.2;
						LastSwiftMigration = 1160;
						ProvisioningStyle = Automatic;
					};
				};
			};
			buildConfigurationList = AA43F5061FDA6A5E00C879E0 /* Build configuration list for PBXProject "JanOnVal" */;
			compatibilityVersion = "Xcode 8.0";
			developmentRegion = en;
			hasScannedForEncodings = 0;
			knownRegions = (
				en,
				Base,
				de,
			);
			mainGroup = AA43F5021FDA6A5E00C879E0;
			productRefGroup = AA43F50C1FDA6A5E00C879E0 /* Products */;
			projectDirPath = "";
			projectRoot = "";
			targets = (
				AA43F50A1FDA6A5E00C879E0 /* JanOnVal */,
				AA43F51C1FDA6A5E00C879E0 /* JanOnVal WatchKit App */,
				AA43F52B1FDA6A5E00C879E0 /* JanOnVal WatchKit Extension */,
				254DF649251DB734003CED3A /* GriCoWidgetExtension */,
				254F30EB2529071400E4AD12 /* WidgetsIntensExtension */,
			);
		};
/* End PBXProject section */

/* Begin PBXResourcesBuildPhase section */
		254DF648251DB734003CED3A /* Resources */ = {
			isa = PBXResourcesBuildPhase;
			buildActionMask = 2147483647;
			files = (
				254DF651251DB734003CED3A /* Assets.xcassets in Resources */,
			);
			runOnlyForDeploymentPostprocessing = 0;
		};
		254F30EA2529071400E4AD12 /* Resources */ = {
			isa = PBXResourcesBuildPhase;
			buildActionMask = 2147483647;
			files = (
			);
			runOnlyForDeploymentPostprocessing = 0;
		};
		AA43F5091FDA6A5E00C879E0 /* Resources */ = {
			isa = PBXResourcesBuildPhase;
			buildActionMask = 2147483647;
			files = (
				AA43F5191FDA6A5E00C879E0 /* LaunchScreen.storyboard in Resources */,
				AA43F5161FDA6A5E00C879E0 /* Assets.xcassets in Resources */,
				AA43F5141FDA6A5E00C879E0 /* Main.storyboard in Resources */,
			);
			runOnlyForDeploymentPostprocessing = 0;
		};
		AA43F51B1FDA6A5E00C879E0 /* Resources */ = {
			isa = PBXResourcesBuildPhase;
			buildActionMask = 2147483647;
			files = (
				AA43F5261FDA6A5E00C879E0 /* Assets.xcassets in Resources */,
				AA43F5241FDA6A5E00C879E0 /* Interface.storyboard in Resources */,
			);
			runOnlyForDeploymentPostprocessing = 0;
		};
		AA43F52A1FDA6A5E00C879E0 /* Resources */ = {
			isa = PBXResourcesBuildPhase;
			buildActionMask = 2147483647;
			files = (
				AA43F5361FDA6A5E00C879E0 /* Assets.xcassets in Resources */,
			);
			runOnlyForDeploymentPostprocessing = 0;
		};
/* End PBXResourcesBuildPhase section */

/* Begin PBXSourcesBuildPhase section */
		254DF646251DB734003CED3A /* Sources */ = {
			isa = PBXSourcesBuildPhase;
			buildActionMask = 2147483647;
			files = (
				2514EAED25DAD9800009D947 /* FirstWidgetView.swift in Sources */,
				25B43A4B25DA83390022BF2C /* EnergySmallEntry.swift in Sources */,
				259BFA04290E7D6300FB13E4 /* EnergySmallInlineEntryView.swift in Sources */,
				25BC036C25B1AF7800005D24 /* WidgetFamily.swift in Sources */,
				2579BD4225DA929400DE1F2C /* EnergyMediumWidget.swift in Sources */,
				25BC038625B1C85800005D24 /* IndicatorWidget.swift in Sources */,
				25B43A6525DA8C060022BF2C /* EnergyMediumEntryView.swift in Sources */,
				255970E727AD44A400251AEC /* ChartMediumEntry.swift in Sources */,
				25B1C94A2894008F00F3FAE7 /* EnergyCommon.swift in Sources */,
				251D8F6A25DAC6C1005A821B /* EnergyValueManager.swift in Sources */,
				259BFA08290E88C900FB13E4 /* EnergySmallCircularEntryView.swift in Sources */,
				25B43A5E25DA865A0022BF2C /* EnergySmallTimeLineProvider.swift in Sources */,
				255970E427AD3D3A00251AEC /* ChartMediumPlaceholderView.swift in Sources */,
				259BFA02290D188800FB13E4 /* IndicatorCircularEntryView.swift in Sources */,
				25BC037F25B1C7D800005D24 /* IndicatorEntryView.swift in Sources */,
				25B1C94B2894009300F3FAE7 /* MeasurementValue.swift in Sources */,
				251A10C225271B6900EB9529 /* Intents.intentdefinition in Sources */,
				2579BD3425DA908200DE1F2C /* EnergyMediumEntry.swift in Sources */,
				259BFA06290E7F6100FB13E4 /* EnergySmallRectangularEntryView.swift in Sources */,
				25817E1C25BB0075005DD297 /* EnergySmallPlaceholderView.swift in Sources */,
				252E17C525B19ABC00975F06 /* IndicatorTimeLineProvider.swift in Sources */,
				252E17CC25B19C3300975F06 /* IndicatorEntry.swift in Sources */,
				25B43A4125DA80600022BF2C /* EnergySmallEntryView.swift in Sources */,
				2514EAF925DADA720009D947 /* SecondWidgetView.swift in Sources */,
				259BFA00290BDDFA00FB13E4 /* IndicatorRectangularEntryView.swift in Sources */,
				255970E227AD3BC200251AEC /* ChartMediumEntryView.swift in Sources */,
				256DECC1290BD40A00001DC9 /* IndicatorInlineEntryView.swift in Sources */,
				251D8F6325DAC26F005A821B /* EnergyMediumPlaceholderView.swift in Sources */,
				25BC037825B1C38900005D24 /* IndicatorPlaceholderView.swift in Sources */,
				255A9C1E2539B4360043944F /* MeasurementValueManager.swift in Sources */,
				2579BD3B25DA927700DE1F2C /* EnergyMediumTimeLineProvider.swift in Sources */,
				25B43A5725DA85D40022BF2C /* EnergySmallWidget.swift in Sources */,
			);
			runOnlyForDeploymentPostprocessing = 0;
		};
		254F30E82529071400E4AD12 /* Sources */ = {
			isa = PBXSourcesBuildPhase;
			buildActionMask = 2147483647;
			files = (
				254F316625290CC200E4AD12 /* DevicePropertyKey.swift in Sources */,
				254F311D252909DC00E4AD12 /* Intents.intentdefinition in Sources */,
				254F314A25290C8D00E4AD12 /* ValueType.swift in Sources */,
				254F30EF2529071400E4AD12 /* IntentHandler.swift in Sources */,
				254F315825290CA700E4AD12 /* MeasurementPropertyKey.swift in Sources */,
				254F315F25290CBF00E4AD12 /* PickerData.swift in Sources */,
				254F314325290C6300E4AD12 /* Measurement.swift in Sources */,
				254F315125290CA400E4AD12 /* Device.swift in Sources */,
			);
			runOnlyForDeploymentPostprocessing = 0;
		};
		AA43F5071FDA6A5E00C879E0 /* Sources */ = {
			isa = PBXSourcesBuildPhase;
			buildActionMask = 2147483647;
			files = (
				25258B5721DD2E6900579FF9 /* SelectedMeasurementViewController.swift in Sources */,
				25B1C93C2893E73300F3FAE7 /* ValuesScreen.swift in Sources */,
				AA4F10A6201B534000DDA380 /* DevicesViewController.swift in Sources */,
				2582DDB92B1B8BA7007CF9E5 /* LineChart.swift in Sources */,
				AA665224201B7AF400E63CC1 /* AppModel.swift in Sources */,
				256DE29D20248C0C000D2549 /* AppTabBarController.swift in Sources */,
				AAC370E62015C8E800132087 /* ConnectivityHandler.swift in Sources */,
				2517245120361E71000C5EEA /* MeasurementDetailViewController.swift in Sources */,
				25B1C9412893FE6000F3FAE7 /* MeasurementValue.swift in Sources */,
				251A10C125271B6900EB9529 /* Intents.intentdefinition in Sources */,
				25B1C9492894003400F3FAE7 /* ChartMediumEntry.swift in Sources */,
				2557962821D0A27A00FCAFAC /* ValueType.swift in Sources */,
				25B1C9422893FFCB00F3FAE7 /* MeasurementValueManager.swift in Sources */,
				AA665222201B78F800E63CC1 /* ServerViewController.swift in Sources */,
				2582DDBD2B1BB3D6007CF9E5 /* ChartDataSeries.swift in Sources */,
				AA425AD4201E603D001FA571 /* Measurement.swift in Sources */,
				AA43F50F1FDA6A5E00C879E0 /* AppDelegate.swift in Sources */,
				2554BEEC21F1B5B60091DC95 /* DevicePropertyKey.swift in Sources */,
				25B1C9402893FE3400F3FAE7 /* EnergyCommon.swift in Sources */,
				AA425AD0201E21A8001FA571 /* MeasurementTableViewController.swift in Sources */,
				251724532036B19D000C5EEA /* PickerData.swift in Sources */,
				25EB1D4E2046C3F800AF340B /* MeasurementPropertyKey.swift in Sources */,
				AA4F10A8201B561300DDA380 /* Device.swift in Sources */,
				2582DDBB2B1BA15D007CF9E5 /* ChartData.swift in Sources */,
				25B1C94D2894038B00F3FAE7 /* MeasurementValueViewModel.swift in Sources */,
			);
			runOnlyForDeploymentPostprocessing = 0;
		};
		AA43F5281FDA6A5E00C879E0 /* Sources */ = {
			isa = PBXSourcesBuildPhase;
			buildActionMask = 2147483647;
			files = (
				2587F6CA203DEE89003DC730 /* HistMeasurementRowType.swift in Sources */,
				250655BD2039F5A300B32CC6 /* ComplicationController.swift in Sources */,
				AA9A778221A7E4B0003B6045 /* ChartsInterfaceController.swift in Sources */,
				25A789A4208C753100A4BDE0 /* OnlineMeasurementBig.swift in Sources */,
				256DE29F202729A2000D2549 /* MeasurementRowType.swift in Sources */,
				252C87E5203CA3BA002E6CDF /* HistDetailInterfaceController.swift in Sources */,
				251B58DC219B4DC0004E4EAF /* MeasurementInfoIC.swift in Sources */,
				25E9C19B21FB11AA00731F58 /* FavoritesInterfaceController.swift in Sources */,
				259A9446220D66A40085A387 /* OptionsInterfaceController.swift in Sources */,
				25952C09203DF83500B0AA33 /* TableUtil.swift in Sources */,
				AA43F5321FDA6A5E00C879E0 /* InterfaceController.swift in Sources */,
				254DFD77203E102C0067E0A4 /* RequestUtil.swift in Sources */,
			);
			runOnlyForDeploymentPostprocessing = 0;
		};
/* End PBXSourcesBuildPhase section */

/* Begin PBXTargetDependency section */
		254DF654251DB734003CED3A /* PBXTargetDependency */ = {
			isa = PBXTargetDependency;
			target = 254DF649251DB734003CED3A /* GriCoWidgetExtension */;
			targetProxy = 254DF653251DB734003CED3A /* PBXContainerItemProxy */;
		};
		254F31032529071500E4AD12 /* PBXTargetDependency */ = {
			isa = PBXTargetDependency;
			target = 254F30EB2529071400E4AD12 /* WidgetsIntensExtension */;
			targetProxy = 254F31022529071500E4AD12 /* PBXContainerItemProxy */;
		};
		AA43F5201FDA6A5E00C879E0 /* PBXTargetDependency */ = {
			isa = PBXTargetDependency;
			platformFilter = ios;
			target = AA43F51C1FDA6A5E00C879E0 /* JanOnVal WatchKit App */;
			targetProxy = AA43F51F1FDA6A5E00C879E0 /* PBXContainerItemProxy */;
		};
		AA43F52F1FDA6A5E00C879E0 /* PBXTargetDependency */ = {
			isa = PBXTargetDependency;
			target = AA43F52B1FDA6A5E00C879E0 /* JanOnVal WatchKit Extension */;
			targetProxy = AA43F52E1FDA6A5E00C879E0 /* PBXContainerItemProxy */;
		};
/* End PBXTargetDependency section */

/* Begin PBXVariantGroup section */
		AA43F5121FDA6A5E00C879E0 /* Main.storyboard */ = {
			isa = PBXVariantGroup;
			children = (
				AA43F5131FDA6A5E00C879E0 /* Base */,
				2598BC6A2028DF20000D646B /* de */,
			);
			name = Main.storyboard;
			sourceTree = "<group>";
		};
		AA43F5171FDA6A5E00C879E0 /* LaunchScreen.storyboard */ = {
			isa = PBXVariantGroup;
			children = (
				AA43F5181FDA6A5E00C879E0 /* Base */,
				2598BC6B2028DF20000D646B /* de */,
			);
			name = LaunchScreen.storyboard;
			sourceTree = "<group>";
		};
		AA43F5221FDA6A5E00C879E0 /* Interface.storyboard */ = {
			isa = PBXVariantGroup;
			children = (
				AA43F5231FDA6A5E00C879E0 /* Base */,
				2598BC6C2028DF20000D646B /* de */,
			);
			name = Interface.storyboard;
			sourceTree = "<group>";
		};
/* End PBXVariantGroup section */

/* Begin XCBuildConfiguration section */
		254DF657251DB734003CED3A /* Debug */ = {
			isa = XCBuildConfiguration;
			buildSettings = {
				ASSETCATALOG_COMPILER_GLOBAL_ACCENT_COLOR_NAME = AccentColor;
				ASSETCATALOG_COMPILER_WIDGET_BACKGROUND_COLOR_NAME = WidgetBackground;
				CLANG_ENABLE_OBJC_WEAK = YES;
				CLANG_WARN_QUOTED_INCLUDE_IN_FRAMEWORK_HEADER = YES;
				CODE_SIGN_ENTITLEMENTS = GriCoWidgetExtension.entitlements;
				CODE_SIGN_IDENTITY = "Apple Development";
				CODE_SIGN_STYLE = Automatic;
				CURRENT_PROJECT_VERSION = 91;
				DEVELOPMENT_TEAM = 364UQ5RPHK;
				INFOPLIST_FILE = GriCoWidget/Info.plist;
				IPHONEOS_DEPLOYMENT_TARGET = 17.2;
				LD_RUNPATH_SEARCH_PATHS = (
					"$(inherited)",
					"@executable_path/Frameworks",
					"@executable_path/../../Frameworks",
				);
				MARKETING_VERSION = 16.8;
				MTL_ENABLE_DEBUG_INFO = INCLUDE_SOURCE;
				MTL_FAST_MATH = YES;
				PRODUCT_BUNDLE_IDENTIFIER = de.janitza.ios.gridvis.watch.GriCoWidget;
				PRODUCT_NAME = "$(TARGET_NAME)";
				PROVISIONING_PROFILE_SPECIFIER = "";
				SKIP_INSTALL = YES;
				SUPPORTS_MACCATALYST = YES;
				SWIFT_VERSION = 5.0;
				TARGETED_DEVICE_FAMILY = "1,2,6";
			};
			name = Debug;
		};
		254DF658251DB734003CED3A /* Release */ = {
			isa = XCBuildConfiguration;
			buildSettings = {
				ASSETCATALOG_COMPILER_GLOBAL_ACCENT_COLOR_NAME = AccentColor;
				ASSETCATALOG_COMPILER_WIDGET_BACKGROUND_COLOR_NAME = WidgetBackground;
				CLANG_ENABLE_OBJC_WEAK = YES;
				CLANG_WARN_QUOTED_INCLUDE_IN_FRAMEWORK_HEADER = YES;
				CODE_SIGN_ENTITLEMENTS = GriCoWidgetExtension.entitlements;
				CODE_SIGN_IDENTITY = "Apple Development";
				CODE_SIGN_STYLE = Automatic;
				CURRENT_PROJECT_VERSION = 91;
				DEVELOPMENT_TEAM = 364UQ5RPHK;
				INFOPLIST_FILE = GriCoWidget/Info.plist;
				IPHONEOS_DEPLOYMENT_TARGET = 17.2;
				LD_RUNPATH_SEARCH_PATHS = (
					"$(inherited)",
					"@executable_path/Frameworks",
					"@executable_path/../../Frameworks",
				);
				MARKETING_VERSION = 16.8;
				MTL_FAST_MATH = YES;
				PRODUCT_BUNDLE_IDENTIFIER = de.janitza.ios.gridvis.watch.GriCoWidget;
				PRODUCT_NAME = "$(TARGET_NAME)";
				PROVISIONING_PROFILE_SPECIFIER = "";
				SKIP_INSTALL = YES;
				SUPPORTS_MACCATALYST = YES;
				SWIFT_VERSION = 5.0;
				TARGETED_DEVICE_FAMILY = "1,2,6";
			};
			name = Release;
		};
		254F31052529071500E4AD12 /* Debug */ = {
			isa = XCBuildConfiguration;
			buildSettings = {
				CLANG_ENABLE_OBJC_WEAK = YES;
				CLANG_WARN_QUOTED_INCLUDE_IN_FRAMEWORK_HEADER = YES;
				CODE_SIGN_ENTITLEMENTS = WidgetsIntensExtension/WidgetsIntensExtension.entitlements;
				CODE_SIGN_IDENTITY = "Apple Development";
				CODE_SIGN_STYLE = Automatic;
				CURRENT_PROJECT_VERSION = 91;
				DEVELOPMENT_TEAM = 364UQ5RPHK;
				INFOPLIST_FILE = WidgetsIntensExtension/Info.plist;
				IPHONEOS_DEPLOYMENT_TARGET = 17.2;
				LD_RUNPATH_SEARCH_PATHS = (
					"$(inherited)",
					"@executable_path/Frameworks",
					"@executable_path/../../Frameworks",
				);
				MARKETING_VERSION = 16.8;
				MTL_ENABLE_DEBUG_INFO = INCLUDE_SOURCE;
				MTL_FAST_MATH = YES;
				PRODUCT_BUNDLE_IDENTIFIER = de.janitza.ios.gridvis.watch.WidgetsIntensExtension;
				PRODUCT_NAME = "$(TARGET_NAME)";
				PROVISIONING_PROFILE_SPECIFIER = "";
				SKIP_INSTALL = YES;
				SUPPORTS_MACCATALYST = YES;
				SWIFT_VERSION = 5.0;
				TARGETED_DEVICE_FAMILY = "1,2,6";
			};
			name = Debug;
		};
		254F31062529071500E4AD12 /* Release */ = {
			isa = XCBuildConfiguration;
			buildSettings = {
				CLANG_ENABLE_OBJC_WEAK = YES;
				CLANG_WARN_QUOTED_INCLUDE_IN_FRAMEWORK_HEADER = YES;
				CODE_SIGN_ENTITLEMENTS = WidgetsIntensExtension/WidgetsIntensExtension.entitlements;
				CODE_SIGN_IDENTITY = "Apple Development";
				CODE_SIGN_STYLE = Automatic;
				CURRENT_PROJECT_VERSION = 91;
				DEVELOPMENT_TEAM = 364UQ5RPHK;
				INFOPLIST_FILE = WidgetsIntensExtension/Info.plist;
				IPHONEOS_DEPLOYMENT_TARGET = 17.2;
				LD_RUNPATH_SEARCH_PATHS = (
					"$(inherited)",
					"@executable_path/Frameworks",
					"@executable_path/../../Frameworks",
				);
				MARKETING_VERSION = 16.8;
				MTL_FAST_MATH = YES;
				PRODUCT_BUNDLE_IDENTIFIER = de.janitza.ios.gridvis.watch.WidgetsIntensExtension;
				PRODUCT_NAME = "$(TARGET_NAME)";
				PROVISIONING_PROFILE_SPECIFIER = "";
				SKIP_INSTALL = YES;
				SUPPORTS_MACCATALYST = YES;
				SWIFT_VERSION = 5.0;
				TARGETED_DEVICE_FAMILY = "1,2,6";
			};
			name = Release;
		};
		AA43F5381FDA6A5E00C879E0 /* Debug */ = {
			isa = XCBuildConfiguration;
			buildSettings = {
				ALWAYS_SEARCH_USER_PATHS = NO;
				CLANG_ANALYZER_LOCALIZABILITY_NONLOCALIZED = YES;
				CLANG_ANALYZER_NONNULL = YES;
				CLANG_ANALYZER_NUMBER_OBJECT_CONVERSION = YES_AGGRESSIVE;
				CLANG_CXX_LANGUAGE_STANDARD = "gnu++14";
				CLANG_CXX_LIBRARY = "libc++";
				CLANG_ENABLE_MODULES = YES;
				CLANG_ENABLE_OBJC_ARC = YES;
				CLANG_WARN_BLOCK_CAPTURE_AUTORELEASING = YES;
				CLANG_WARN_BOOL_CONVERSION = YES;
				CLANG_WARN_COMMA = YES;
				CLANG_WARN_CONSTANT_CONVERSION = YES;
				CLANG_WARN_DEPRECATED_OBJC_IMPLEMENTATIONS = YES;
				CLANG_WARN_DIRECT_OBJC_ISA_USAGE = YES_ERROR;
				CLANG_WARN_DOCUMENTATION_COMMENTS = YES;
				CLANG_WARN_EMPTY_BODY = YES;
				CLANG_WARN_ENUM_CONVERSION = YES;
				CLANG_WARN_INFINITE_RECURSION = YES;
				CLANG_WARN_INT_CONVERSION = YES;
				CLANG_WARN_NON_LITERAL_NULL_CONVERSION = YES;
				CLANG_WARN_OBJC_IMPLICIT_RETAIN_SELF = YES;
				CLANG_WARN_OBJC_LITERAL_CONVERSION = YES;
				CLANG_WARN_OBJC_ROOT_CLASS = YES_ERROR;
				CLANG_WARN_QUOTED_INCLUDE_IN_FRAMEWORK_HEADER = YES;
				CLANG_WARN_RANGE_LOOP_ANALYSIS = YES;
				CLANG_WARN_STRICT_PROTOTYPES = YES;
				CLANG_WARN_SUSPICIOUS_MOVE = YES;
				CLANG_WARN_UNGUARDED_AVAILABILITY = YES_AGGRESSIVE;
				CLANG_WARN_UNREACHABLE_CODE = YES;
				CLANG_WARN__DUPLICATE_METHOD_MATCH = YES;
				CODE_SIGN_IDENTITY = "iPhone Developer";
				CODE_SIGN_STYLE = Automatic;
				COPY_PHASE_STRIP = NO;
				DEBUG_INFORMATION_FORMAT = dwarf;
				DEVELOPMENT_TEAM = 364UQ5RPHK;
				ENABLE_STRICT_OBJC_MSGSEND = YES;
				ENABLE_TESTABILITY = YES;
				GCC_C_LANGUAGE_STANDARD = gnu11;
				GCC_DYNAMIC_NO_PIC = NO;
				GCC_NO_COMMON_BLOCKS = YES;
				GCC_OPTIMIZATION_LEVEL = 0;
				GCC_PREPROCESSOR_DEFINITIONS = (
					"DEBUG=1",
					"$(inherited)",
				);
				GCC_WARN_64_TO_32_BIT_CONVERSION = YES;
				GCC_WARN_ABOUT_RETURN_TYPE = YES_ERROR;
				GCC_WARN_UNDECLARED_SELECTOR = YES;
				GCC_WARN_UNINITIALIZED_AUTOS = YES_AGGRESSIVE;
				GCC_WARN_UNUSED_FUNCTION = YES;
				GCC_WARN_UNUSED_VARIABLE = YES;
				IPHONEOS_DEPLOYMENT_TARGET = 17.2;
				MTL_ENABLE_DEBUG_INFO = YES;
				ONLY_ACTIVE_ARCH = YES;
				PROVISIONING_PROFILE_SPECIFIER = "";
				SDKROOT = iphoneos;
				SWIFT_ACTIVE_COMPILATION_CONDITIONS = DEBUG;
				SWIFT_OPTIMIZATION_LEVEL = "-Onone";
				WATCHOS_DEPLOYMENT_TARGET = 10.2;
			};
			name = Debug;
		};
		AA43F5391FDA6A5E00C879E0 /* Release */ = {
			isa = XCBuildConfiguration;
			buildSettings = {
				ALWAYS_SEARCH_USER_PATHS = NO;
				CLANG_ANALYZER_LOCALIZABILITY_NONLOCALIZED = YES;
				CLANG_ANALYZER_NONNULL = YES;
				CLANG_ANALYZER_NUMBER_OBJECT_CONVERSION = YES_AGGRESSIVE;
				CLANG_CXX_LANGUAGE_STANDARD = "gnu++14";
				CLANG_CXX_LIBRARY = "libc++";
				CLANG_ENABLE_MODULES = YES;
				CLANG_ENABLE_OBJC_ARC = YES;
				CLANG_WARN_BLOCK_CAPTURE_AUTORELEASING = YES;
				CLANG_WARN_BOOL_CONVERSION = YES;
				CLANG_WARN_COMMA = YES;
				CLANG_WARN_CONSTANT_CONVERSION = YES;
				CLANG_WARN_DEPRECATED_OBJC_IMPLEMENTATIONS = YES;
				CLANG_WARN_DIRECT_OBJC_ISA_USAGE = YES_ERROR;
				CLANG_WARN_DOCUMENTATION_COMMENTS = YES;
				CLANG_WARN_EMPTY_BODY = YES;
				CLANG_WARN_ENUM_CONVERSION = YES;
				CLANG_WARN_INFINITE_RECURSION = YES;
				CLANG_WARN_INT_CONVERSION = YES;
				CLANG_WARN_NON_LITERAL_NULL_CONVERSION = YES;
				CLANG_WARN_OBJC_IMPLICIT_RETAIN_SELF = YES;
				CLANG_WARN_OBJC_LITERAL_CONVERSION = YES;
				CLANG_WARN_OBJC_ROOT_CLASS = YES_ERROR;
				CLANG_WARN_QUOTED_INCLUDE_IN_FRAMEWORK_HEADER = YES;
				CLANG_WARN_RANGE_LOOP_ANALYSIS = YES;
				CLANG_WARN_STRICT_PROTOTYPES = YES;
				CLANG_WARN_SUSPICIOUS_MOVE = YES;
				CLANG_WARN_UNGUARDED_AVAILABILITY = YES_AGGRESSIVE;
				CLANG_WARN_UNREACHABLE_CODE = YES;
				CLANG_WARN__DUPLICATE_METHOD_MATCH = YES;
				CODE_SIGN_IDENTITY = "iPhone Distribution";
				CODE_SIGN_STYLE = Automatic;
				COPY_PHASE_STRIP = NO;
				DEBUG_INFORMATION_FORMAT = "dwarf-with-dsym";
				DEVELOPMENT_TEAM = 364UQ5RPHK;
				ENABLE_NS_ASSERTIONS = NO;
				ENABLE_STRICT_OBJC_MSGSEND = YES;
				GCC_C_LANGUAGE_STANDARD = gnu11;
				GCC_NO_COMMON_BLOCKS = YES;
				GCC_WARN_64_TO_32_BIT_CONVERSION = YES;
				GCC_WARN_ABOUT_RETURN_TYPE = YES_ERROR;
				GCC_WARN_UNDECLARED_SELECTOR = YES;
				GCC_WARN_UNINITIALIZED_AUTOS = YES_AGGRESSIVE;
				GCC_WARN_UNUSED_FUNCTION = YES;
				GCC_WARN_UNUSED_VARIABLE = YES;
				IPHONEOS_DEPLOYMENT_TARGET = 17.2;
				MTL_ENABLE_DEBUG_INFO = NO;
				PROVISIONING_PROFILE_SPECIFIER = "";
				SDKROOT = iphoneos;
				SWIFT_COMPILATION_MODE = wholemodule;
				SWIFT_OPTIMIZATION_LEVEL = "-O";
				VALIDATE_PRODUCT = YES;
				WATCHOS_DEPLOYMENT_TARGET = 10.2;
			};
			name = Release;
		};
		AA43F53B1FDA6A5E00C879E0 /* Debug */ = {
			isa = XCBuildConfiguration;
			buildSettings = {
				ASSETCATALOG_COMPILER_COMPLICATION_NAME = Complication;
				CODE_SIGN_ENTITLEMENTS = "JanOnVal WatchKit Extension/JanOnVal WatchKit Extension.entitlements";
				CODE_SIGN_IDENTITY = "Apple Development";
				"CODE_SIGN_IDENTITY[sdk=watchos*]" = "iPhone Developer";
				CODE_SIGN_STYLE = Automatic;
				CURRENT_PROJECT_VERSION = 99;
				DEVELOPMENT_TEAM = 364UQ5RPHK;
				INFOPLIST_FILE = "JanOnVal WatchKit Extension/Info.plist";
				LD_RUNPATH_SEARCH_PATHS = (
					"$(inherited)",
					"@executable_path/Frameworks",
					"@executable_path/../../Frameworks",
				);
				MARKETING_VERSION = 17.5;
				PRODUCT_BUNDLE_IDENTIFIER = de.janitza.ios.gridvis.watch.wk.wke;
				PRODUCT_NAME = "${TARGET_NAME}";
				PROVISIONING_PROFILE_SPECIFIER = "";
				SDKROOT = watchos;
				SKIP_INSTALL = YES;
				SWIFT_VERSION = 5.0;
				TARGETED_DEVICE_FAMILY = 4;
				WATCHOS_DEPLOYMENT_TARGET = 10.2;
			};
			name = Debug;
		};
		AA43F53C1FDA6A5E00C879E0 /* Release */ = {
			isa = XCBuildConfiguration;
			buildSettings = {
				ASSETCATALOG_COMPILER_COMPLICATION_NAME = Complication;
				CODE_SIGN_ENTITLEMENTS = "JanOnVal WatchKit Extension/JanOnVal WatchKit Extension.entitlements";
				CODE_SIGN_IDENTITY = "Apple Development";
				"CODE_SIGN_IDENTITY[sdk=watchos*]" = "iPhone Developer";
				CODE_SIGN_STYLE = Automatic;
				CURRENT_PROJECT_VERSION = 99;
				DEVELOPMENT_TEAM = 364UQ5RPHK;
				INFOPLIST_FILE = "JanOnVal WatchKit Extension/Info.plist";
				LD_RUNPATH_SEARCH_PATHS = (
					"$(inherited)",
					"@executable_path/Frameworks",
					"@executable_path/../../Frameworks",
				);
				MARKETING_VERSION = 17.5;
				PRODUCT_BUNDLE_IDENTIFIER = de.janitza.ios.gridvis.watch.wk.wke;
				PRODUCT_NAME = "${TARGET_NAME}";
				PROVISIONING_PROFILE_SPECIFIER = "";
				SDKROOT = watchos;
				SKIP_INSTALL = YES;
				SWIFT_VERSION = 5.0;
				TARGETED_DEVICE_FAMILY = 4;
				WATCHOS_DEPLOYMENT_TARGET = 10.2;
			};
			name = Release;
		};
		AA43F53F1FDA6A5E00C879E0 /* Debug */ = {
			isa = XCBuildConfiguration;
			buildSettings = {
				ALWAYS_EMBED_SWIFT_STANDARD_LIBRARIES = YES;
				ASSETCATALOG_COMPILER_APPICON_NAME = AppIcon;
				CODE_SIGN_IDENTITY = "Apple Development";
				"CODE_SIGN_IDENTITY[sdk=watchos*]" = "iPhone Developer";
				CODE_SIGN_STYLE = Automatic;
				CURRENT_PROJECT_VERSION = 99;
				DEVELOPMENT_TEAM = 364UQ5RPHK;
				IBSC_MODULE = JanOnVal_WatchKit_Extension;
				INFOPLIST_FILE = "JanOnVal WatchKit App/Info.plist";
				LD_RUNPATH_SEARCH_PATHS = (
					"$(inherited)",
					"@executable_path/Frameworks",
				);
				MARKETING_VERSION = 17.5;
				PRODUCT_BUNDLE_IDENTIFIER = de.janitza.ios.gridvis.watch.wk;
				PRODUCT_NAME = "GridVis Companion";
				PROVISIONING_PROFILE = "";
				PROVISIONING_PROFILE_SPECIFIER = "";
				SDKROOT = watchos;
				SKIP_INSTALL = YES;
				SWIFT_VERSION = 4.0;
				TARGETED_DEVICE_FAMILY = 4;
				WATCHOS_DEPLOYMENT_TARGET = 10.2;
			};
			name = Debug;
		};
		AA43F5401FDA6A5E00C879E0 /* Release */ = {
			isa = XCBuildConfiguration;
			buildSettings = {
				ALWAYS_EMBED_SWIFT_STANDARD_LIBRARIES = YES;
				ASSETCATALOG_COMPILER_APPICON_NAME = AppIcon;
				CODE_SIGN_IDENTITY = "Apple Development";
				"CODE_SIGN_IDENTITY[sdk=watchos*]" = "iPhone Developer";
				CODE_SIGN_STYLE = Automatic;
				CURRENT_PROJECT_VERSION = 99;
				DEVELOPMENT_TEAM = 364UQ5RPHK;
				IBSC_MODULE = JanOnVal_WatchKit_Extension;
				INFOPLIST_FILE = "JanOnVal WatchKit App/Info.plist";
				LD_RUNPATH_SEARCH_PATHS = (
					"$(inherited)",
					"@executable_path/Frameworks",
				);
				MARKETING_VERSION = 17.5;
				PRODUCT_BUNDLE_IDENTIFIER = de.janitza.ios.gridvis.watch.wk;
				PRODUCT_NAME = "GridVis Companion";
				PROVISIONING_PROFILE = "";
				PROVISIONING_PROFILE_SPECIFIER = "";
				SDKROOT = watchos;
				SKIP_INSTALL = YES;
				SWIFT_VERSION = 4.0;
				TARGETED_DEVICE_FAMILY = 4;
				WATCHOS_DEPLOYMENT_TARGET = 10.2;
			};
			name = Release;
		};
		AA43F5431FDA6A5E00C879E0 /* Debug */ = {
			isa = XCBuildConfiguration;
			buildSettings = {
				ALLOW_TARGET_PLATFORM_SPECIALIZATION = YES;
				ALWAYS_EMBED_SWIFT_STANDARD_LIBRARIES = "$(inherited)";
				ASSETCATALOG_COMPILER_APPICON_NAME = AppIcon;
				CODE_SIGN_ENTITLEMENTS = JanOnVal/JanOnValDebug.entitlements;
				CODE_SIGN_IDENTITY = "Apple Development";
				CODE_SIGN_STYLE = Automatic;
				CURRENT_PROJECT_VERSION = 99;
				DEVELOPMENT_TEAM = 364UQ5RPHK;
				INFOPLIST_FILE = JanOnVal/Info.plist;
				INFOPLIST_KEY_CFBundleDisplayName = "GridVis Companion";
				INFOPLIST_KEY_LSApplicationCategoryType = "public.app-category.utilities";
				IPHONEOS_DEPLOYMENT_TARGET = 17.2;
				LD_RUNPATH_SEARCH_PATHS = (
					"$(inherited)",
					"@executable_path/Frameworks",
				);
				MARKETING_VERSION = 17.5;
				PRODUCT_BUNDLE_IDENTIFIER = de.janitza.ios.gridvis.watch;
				PRODUCT_NAME = GriCo;
				PROVISIONING_PROFILE_SPECIFIER = "";
				SUPPORTED_PLATFORMS = "iphonesimulator iphoneos";
				SUPPORTS_MACCATALYST = YES;
				SUPPORTS_MAC_DESIGNED_FOR_IPHONE_IPAD = NO;
				SWIFT_VERSION = 5.0;
				TARGETED_DEVICE_FAMILY = "1,2,6";
			};
			name = Debug;
		};
		AA43F5441FDA6A5E00C879E0 /* Release */ = {
			isa = XCBuildConfiguration;
			buildSettings = {
				ALLOW_TARGET_PLATFORM_SPECIALIZATION = YES;
				ALWAYS_EMBED_SWIFT_STANDARD_LIBRARIES = "$(inherited)";
				ASSETCATALOG_COMPILER_APPICON_NAME = AppIcon;
				CODE_SIGN_ENTITLEMENTS = JanOnVal/JanOnVal.entitlements;
				CODE_SIGN_IDENTITY = "Apple Development";
				CODE_SIGN_STYLE = Automatic;
				CURRENT_PROJECT_VERSION = 99;
				DEVELOPMENT_TEAM = 364UQ5RPHK;
				INFOPLIST_FILE = JanOnVal/Info.plist;
				INFOPLIST_KEY_CFBundleDisplayName = "GridVis Companion";
				INFOPLIST_KEY_LSApplicationCategoryType = "public.app-category.utilities";
				IPHONEOS_DEPLOYMENT_TARGET = 17.2;
				LD_RUNPATH_SEARCH_PATHS = (
					"$(inherited)",
					"@executable_path/Frameworks",
				);
				MARKETING_VERSION = 17.5;
				PRODUCT_BUNDLE_IDENTIFIER = de.janitza.ios.gridvis.watch;
				PRODUCT_NAME = GriCo;
				PROVISIONING_PROFILE_SPECIFIER = "";
				SUPPORTED_PLATFORMS = "iphonesimulator iphoneos";
				SUPPORTS_MACCATALYST = YES;
				SUPPORTS_MAC_DESIGNED_FOR_IPHONE_IPAD = NO;
				SWIFT_VERSION = 5.0;
				TARGETED_DEVICE_FAMILY = "1,2,6";
			};
			name = Release;
		};
/* End XCBuildConfiguration section */

/* Begin XCConfigurationList section */
		254DF656251DB734003CED3A /* Build configuration list for PBXNativeTarget "GriCoWidgetExtension" */ = {
			isa = XCConfigurationList;
			buildConfigurations = (
				254DF657251DB734003CED3A /* Debug */,
				254DF658251DB734003CED3A /* Release */,
			);
			defaultConfigurationIsVisible = 0;
			defaultConfigurationName = Release;
		};
		254F310A2529071500E4AD12 /* Build configuration list for PBXNativeTarget "WidgetsIntensExtension" */ = {
			isa = XCConfigurationList;
			buildConfigurations = (
				254F31052529071500E4AD12 /* Debug */,
				254F31062529071500E4AD12 /* Release */,
			);
			defaultConfigurationIsVisible = 0;
			defaultConfigurationName = Release;
		};
		AA43F5061FDA6A5E00C879E0 /* Build configuration list for PBXProject "JanOnVal" */ = {
			isa = XCConfigurationList;
			buildConfigurations = (
				AA43F5381FDA6A5E00C879E0 /* Debug */,
				AA43F5391FDA6A5E00C879E0 /* Release */,
			);
			defaultConfigurationIsVisible = 0;
			defaultConfigurationName = Release;
		};
		AA43F53A1FDA6A5E00C879E0 /* Build configuration list for PBXNativeTarget "JanOnVal WatchKit Extension" */ = {
			isa = XCConfigurationList;
			buildConfigurations = (
				AA43F53B1FDA6A5E00C879E0 /* Debug */,
				AA43F53C1FDA6A5E00C879E0 /* Release */,
			);
			defaultConfigurationIsVisible = 0;
			defaultConfigurationName = Release;
		};
		AA43F53E1FDA6A5E00C879E0 /* Build configuration list for PBXNativeTarget "JanOnVal WatchKit App" */ = {
			isa = XCConfigurationList;
			buildConfigurations = (
				AA43F53F1FDA6A5E00C879E0 /* Debug */,
				AA43F5401FDA6A5E00C879E0 /* Release */,
			);
			defaultConfigurationIsVisible = 0;
			defaultConfigurationName = Release;
		};
		AA43F5421FDA6A5E00C879E0 /* Build configuration list for PBXNativeTarget "JanOnVal" */ = {
			isa = XCConfigurationList;
			buildConfigurations = (
				AA43F5431FDA6A5E00C879E0 /* Debug */,
				AA43F5441FDA6A5E00C879E0 /* Release */,
			);
			defaultConfigurationIsVisible = 0;
			defaultConfigurationName = Release;
		};
/* End XCConfigurationList section */
	};
	rootObject = AA43F5031FDA6A5E00C879E0 /* Project object */;
}
